// !$*UTF8*$!
{
	archiveVersion = 1;
	classes = {
	};
	objectVersion = 46;
	objects = {

/* Begin PBXBuildFile section */
		9874FD7F18A74CEC006F64D3 /* QuartzCore.framework in Frameworks */ = {isa = PBXBuildFile; fileRef = 9874FD7E18A74CEC006F64D3 /* QuartzCore.framework */; };
		987A6E1718A8CC5000693E10 /* organized-papers.JPG in Resources */ = {isa = PBXBuildFile; fileRef = 987A6E1618A8CC5000693E10 /* organized-papers.JPG */; };
		989FE63018A896B20099DD1C /* MKAnnotationView+WebCache.m in Sources */ = {isa = PBXBuildFile; fileRef = 989FE61418A896B20099DD1C /* MKAnnotationView+WebCache.m */; };
		989FE63118A896B20099DD1C /* NSData+ImageContentType.m in Sources */ = {isa = PBXBuildFile; fileRef = 989FE61618A896B20099DD1C /* NSData+ImageContentType.m */; };
		989FE63218A896B20099DD1C /* SDImageCache.m in Sources */ = {isa = PBXBuildFile; fileRef = 989FE61818A896B20099DD1C /* SDImageCache.m */; };
		989FE63318A896B20099DD1C /* SDWebImageCompat.m in Sources */ = {isa = PBXBuildFile; fileRef = 989FE61A18A896B20099DD1C /* SDWebImageCompat.m */; };
		989FE63418A896B20099DD1C /* SDWebImageDecoder.m in Sources */ = {isa = PBXBuildFile; fileRef = 989FE61C18A896B20099DD1C /* SDWebImageDecoder.m */; };
		989FE63518A896B20099DD1C /* SDWebImageDownloader.m in Sources */ = {isa = PBXBuildFile; fileRef = 989FE61E18A896B20099DD1C /* SDWebImageDownloader.m */; };
		989FE63618A896B20099DD1C /* SDWebImageDownloaderOperation.m in Sources */ = {isa = PBXBuildFile; fileRef = 989FE62018A896B20099DD1C /* SDWebImageDownloaderOperation.m */; };
		989FE63718A896B20099DD1C /* SDWebImageManager.m in Sources */ = {isa = PBXBuildFile; fileRef = 989FE62218A896B20099DD1C /* SDWebImageManager.m */; };
		989FE63818A896B20099DD1C /* SDWebImagePrefetcher.m in Sources */ = {isa = PBXBuildFile; fileRef = 989FE62518A896B20099DD1C /* SDWebImagePrefetcher.m */; };
		989FE63918A896B20099DD1C /* UIButton+WebCache.m in Sources */ = {isa = PBXBuildFile; fileRef = 989FE62718A896B20099DD1C /* UIButton+WebCache.m */; };
		989FE63A18A896B20099DD1C /* UIImage+GIF.m in Sources */ = {isa = PBXBuildFile; fileRef = 989FE62918A896B20099DD1C /* UIImage+GIF.m */; };
		989FE63B18A896B20099DD1C /* UIImage+MultiFormat.m in Sources */ = {isa = PBXBuildFile; fileRef = 989FE62B18A896B20099DD1C /* UIImage+MultiFormat.m */; };
		989FE63C18A896B20099DD1C /* UIImage+WebP.m in Sources */ = {isa = PBXBuildFile; fileRef = 989FE62D18A896B20099DD1C /* UIImage+WebP.m */; };
		989FE63D18A896B20099DD1C /* UIImageView+WebCache.m in Sources */ = {isa = PBXBuildFile; fileRef = 989FE62F18A896B20099DD1C /* UIImageView+WebCache.m */; };
		989FE65218A89BC20099DD1C /* AFHTTPRequestOperation.m in Sources */ = {isa = PBXBuildFile; fileRef = 989FE64018A89BC20099DD1C /* AFHTTPRequestOperation.m */; };
		989FE65318A89BC20099DD1C /* AFHTTPRequestOperationManager.m in Sources */ = {isa = PBXBuildFile; fileRef = 989FE64218A89BC20099DD1C /* AFHTTPRequestOperationManager.m */; };
		989FE65418A89BC20099DD1C /* AFHTTPSessionManager.m in Sources */ = {isa = PBXBuildFile; fileRef = 989FE64418A89BC20099DD1C /* AFHTTPSessionManager.m */; };
		989FE65518A89BC20099DD1C /* AFNetworkReachabilityManager.m in Sources */ = {isa = PBXBuildFile; fileRef = 989FE64718A89BC20099DD1C /* AFNetworkReachabilityManager.m */; };
		989FE65618A89BC20099DD1C /* AFSecurityPolicy.m in Sources */ = {isa = PBXBuildFile; fileRef = 989FE64918A89BC20099DD1C /* AFSecurityPolicy.m */; };
		989FE65718A89BC20099DD1C /* AFURLConnectionOperation.m in Sources */ = {isa = PBXBuildFile; fileRef = 989FE64B18A89BC20099DD1C /* AFURLConnectionOperation.m */; };
		989FE65818A89BC20099DD1C /* AFURLRequestSerialization.m in Sources */ = {isa = PBXBuildFile; fileRef = 989FE64D18A89BC20099DD1C /* AFURLRequestSerialization.m */; };
		989FE65918A89BC20099DD1C /* AFURLResponseSerialization.m in Sources */ = {isa = PBXBuildFile; fileRef = 989FE64F18A89BC20099DD1C /* AFURLResponseSerialization.m */; };
		989FE65A18A89BC20099DD1C /* AFURLSessionManager.m in Sources */ = {isa = PBXBuildFile; fileRef = 989FE65118A89BC20099DD1C /* AFURLSessionManager.m */; };
		989FE66B18A89BF00099DD1C /* AFNetworkActivityIndicatorManager.m in Sources */ = {isa = PBXBuildFile; fileRef = 989FE65D18A89BF00099DD1C /* AFNetworkActivityIndicatorManager.m */; };
		989FE66C18A89BF00099DD1C /* UIActivityIndicatorView+AFNetworking.m in Sources */ = {isa = PBXBuildFile; fileRef = 989FE65F18A89BF00099DD1C /* UIActivityIndicatorView+AFNetworking.m */; };
		989FE66D18A89BF00099DD1C /* UIAlertView+AFNetworking.m in Sources */ = {isa = PBXBuildFile; fileRef = 989FE66118A89BF00099DD1C /* UIAlertView+AFNetworking.m */; };
		989FE66E18A89BF00099DD1C /* UIButton+AFNetworking.m in Sources */ = {isa = PBXBuildFile; fileRef = 989FE66318A89BF00099DD1C /* UIButton+AFNetworking.m */; };
		989FE66F18A89BF00099DD1C /* UIImageView+AFNetworking.m in Sources */ = {isa = PBXBuildFile; fileRef = 989FE66518A89BF00099DD1C /* UIImageView+AFNetworking.m */; };
		989FE67018A89BF00099DD1C /* UIProgressView+AFNetworking.m in Sources */ = {isa = PBXBuildFile; fileRef = 989FE66818A89BF00099DD1C /* UIProgressView+AFNetworking.m */; };
		989FE67118A89BF00099DD1C /* UIWebView+AFNetworking.m in Sources */ = {isa = PBXBuildFile; fileRef = 989FE66A18A89BF00099DD1C /* UIWebView+AFNetworking.m */; };
		98C7496D18A745B1000A4CAF /* Foundation.framework in Frameworks */ = {isa = PBXBuildFile; fileRef = 98C7496C18A745B1000A4CAF /* Foundation.framework */; };
		98C7496F18A745B1000A4CAF /* CoreGraphics.framework in Frameworks */ = {isa = PBXBuildFile; fileRef = 98C7496E18A745B1000A4CAF /* CoreGraphics.framework */; };
		98C7497118A745B1000A4CAF /* UIKit.framework in Frameworks */ = {isa = PBXBuildFile; fileRef = 98C7497018A745B1000A4CAF /* UIKit.framework */; };
		98C7497718A745B1000A4CAF /* InfoPlist.strings in Resources */ = {isa = PBXBuildFile; fileRef = 98C7497518A745B1000A4CAF /* InfoPlist.strings */; };
		98C7497918A745B1000A4CAF /* main.m in Sources */ = {isa = PBXBuildFile; fileRef = 98C7497818A745B1000A4CAF /* main.m */; };
		98C7497D18A745B1000A4CAF /* AppDelegate.m in Sources */ = {isa = PBXBuildFile; fileRef = 98C7497C18A745B1000A4CAF /* AppDelegate.m */; };
		98C7498018A745B1000A4CAF /* Main.storyboard in Resources */ = {isa = PBXBuildFile; fileRef = 98C7497E18A745B1000A4CAF /* Main.storyboard */; };
		98C7498318A745B1000A4CAF /* ViewController.m in Sources */ = {isa = PBXBuildFile; fileRef = 98C7498218A745B1000A4CAF /* ViewController.m */; };
		98C7498518A745B1000A4CAF /* Images.xcassets in Resources */ = {isa = PBXBuildFile; fileRef = 98C7498418A745B1000A4CAF /* Images.xcassets */; };
		98C7498C18A745B1000A4CAF /* XCTest.framework in Frameworks */ = {isa = PBXBuildFile; fileRef = 98C7498B18A745B1000A4CAF /* XCTest.framework */; };
		98C7498D18A745B1000A4CAF /* Foundation.framework in Frameworks */ = {isa = PBXBuildFile; fileRef = 98C7496C18A745B1000A4CAF /* Foundation.framework */; };
		98C7498E18A745B1000A4CAF /* UIKit.framework in Frameworks */ = {isa = PBXBuildFile; fileRef = 98C7497018A745B1000A4CAF /* UIKit.framework */; };
		98C7499618A745B1000A4CAF /* InfoPlist.strings in Resources */ = {isa = PBXBuildFile; fileRef = 98C7499418A745B1000A4CAF /* InfoPlist.strings */; };
		98C7499818A745B1000A4CAF /* LifemaxTests.m in Sources */ = {isa = PBXBuildFile; fileRef = 98C7499718A745B1000A4CAF /* LifemaxTests.m */; };
		98C749A418A7495B000A4CAF /* SWRevealViewController.m in Sources */ = {isa = PBXBuildFile; fileRef = 98C749A318A7495B000A4CAF /* SWRevealViewController.m */; };
		98C749A918A74AFB000A4CAF /* MenuViewController.m in Sources */ = {isa = PBXBuildFile; fileRef = 98C749A618A74AFB000A4CAF /* MenuViewController.m */; };
		98D951BB18A877F700333D4D /* CameraCheckbox.m in Sources */ = {isa = PBXBuildFile; fileRef = 98D951BA18A877F700333D4D /* CameraCheckbox.m */; };
		98D951C118A88CA300333D4D /* UIImageView+URLDownload.m in Sources */ = {isa = PBXBuildFile; fileRef = 98D951C018A88CA300333D4D /* UIImageView+URLDownload.m */; };
		98D951C418A88D7700333D4D /* FeedUserTaskCell.m in Sources */ = {isa = PBXBuildFile; fileRef = 98D951C318A88D7700333D4D /* FeedUserTaskCell.m */; };
		98D951C718A8902A00333D4D /* NewsFeedViewController.m in Sources */ = {isa = PBXBuildFile; fileRef = 98D951C618A8902A00333D4D /* NewsFeedViewController.m */; };
		98DF58A418A8207E00AC2BE0 /* LifeListFilter.m in Sources */ = {isa = PBXBuildFile; fileRef = 98DF58A318A8207E00AC2BE0 /* LifeListFilter.m */; };
		98DF58A718A83E9000AC2BE0 /* GoogleSyncViewController.m in Sources */ = {isa = PBXBuildFile; fileRef = 98DF58A618A83E9000AC2BE0 /* GoogleSyncViewController.m */; };
		98DF58AB18A85BAF00AC2BE0 /* TaskCell.m in Sources */ = {isa = PBXBuildFile; fileRef = 98DF58AA18A85BAF00AC2BE0 /* TaskCell.m */; };
		98FB50A918A7FCC800C916BC /* LifeListViewController.m in Sources */ = {isa = PBXBuildFile; fileRef = 98FB50A818A7FCC800C916BC /* LifeListViewController.m */; };
		98FB50AF18A8044200C916BC /* FacebookSDK.framework in Frameworks */ = {isa = PBXBuildFile; fileRef = 98FB50AE18A8044200C916BC /* FacebookSDK.framework */; };
		98FB50B218A80D0900C916BC /* LoginViewController.m in Sources */ = {isa = PBXBuildFile; fileRef = 98FB50B118A80D0900C916BC /* LoginViewController.m */; };
/* End PBXBuildFile section */

/* Begin PBXContainerItemProxy section */
		98C7498F18A745B1000A4CAF /* PBXContainerItemProxy */ = {
			isa = PBXContainerItemProxy;
			containerPortal = 98C7496118A745B1000A4CAF /* Project object */;
			proxyType = 1;
			remoteGlobalIDString = 98C7496818A745B1000A4CAF;
			remoteInfo = Lifemax;
		};
/* End PBXContainerItemProxy section */

/* Begin PBXFileReference section */
		9874FD7E18A74CEC006F64D3 /* QuartzCore.framework */ = {isa = PBXFileReference; lastKnownFileType = wrapper.framework; name = QuartzCore.framework; path = System/Library/Frameworks/QuartzCore.framework; sourceTree = SDKROOT; };
		9874FD8018A74D04006F64D3 /* MapKit.framework */ = {isa = PBXFileReference; lastKnownFileType = wrapper.framework; name = MapKit.framework; path = System/Library/Frameworks/MapKit.framework; sourceTree = SDKROOT; };
		987A6E1618A8CC5000693E10 /* organized-papers.JPG */ = {isa = PBXFileReference; lastKnownFileType = image.jpeg; path = "organized-papers.JPG"; sourceTree = "<group>"; };
		989FE61318A896B20099DD1C /* MKAnnotationView+WebCache.h */ = {isa = PBXFileReference; fileEncoding = 4; lastKnownFileType = sourcecode.c.h; path = "MKAnnotationView+WebCache.h"; sourceTree = "<group>"; };
		989FE61418A896B20099DD1C /* MKAnnotationView+WebCache.m */ = {isa = PBXFileReference; fileEncoding = 4; lastKnownFileType = sourcecode.c.objc; path = "MKAnnotationView+WebCache.m"; sourceTree = "<group>"; };
		989FE61518A896B20099DD1C /* NSData+ImageContentType.h */ = {isa = PBXFileReference; fileEncoding = 4; lastKnownFileType = sourcecode.c.h; path = "NSData+ImageContentType.h"; sourceTree = "<group>"; };
		989FE61618A896B20099DD1C /* NSData+ImageContentType.m */ = {isa = PBXFileReference; fileEncoding = 4; lastKnownFileType = sourcecode.c.objc; path = "NSData+ImageContentType.m"; sourceTree = "<group>"; };
		989FE61718A896B20099DD1C /* SDImageCache.h */ = {isa = PBXFileReference; fileEncoding = 4; lastKnownFileType = sourcecode.c.h; path = SDImageCache.h; sourceTree = "<group>"; };
		989FE61818A896B20099DD1C /* SDImageCache.m */ = {isa = PBXFileReference; fileEncoding = 4; lastKnownFileType = sourcecode.c.objc; path = SDImageCache.m; sourceTree = "<group>"; };
		989FE61918A896B20099DD1C /* SDWebImageCompat.h */ = {isa = PBXFileReference; fileEncoding = 4; lastKnownFileType = sourcecode.c.h; path = SDWebImageCompat.h; sourceTree = "<group>"; };
		989FE61A18A896B20099DD1C /* SDWebImageCompat.m */ = {isa = PBXFileReference; fileEncoding = 4; lastKnownFileType = sourcecode.c.objc; path = SDWebImageCompat.m; sourceTree = "<group>"; };
		989FE61B18A896B20099DD1C /* SDWebImageDecoder.h */ = {isa = PBXFileReference; fileEncoding = 4; lastKnownFileType = sourcecode.c.h; path = SDWebImageDecoder.h; sourceTree = "<group>"; };
		989FE61C18A896B20099DD1C /* SDWebImageDecoder.m */ = {isa = PBXFileReference; fileEncoding = 4; lastKnownFileType = sourcecode.c.objc; path = SDWebImageDecoder.m; sourceTree = "<group>"; };
		989FE61D18A896B20099DD1C /* SDWebImageDownloader.h */ = {isa = PBXFileReference; fileEncoding = 4; lastKnownFileType = sourcecode.c.h; path = SDWebImageDownloader.h; sourceTree = "<group>"; };
		989FE61E18A896B20099DD1C /* SDWebImageDownloader.m */ = {isa = PBXFileReference; fileEncoding = 4; lastKnownFileType = sourcecode.c.objc; path = SDWebImageDownloader.m; sourceTree = "<group>"; };
		989FE61F18A896B20099DD1C /* SDWebImageDownloaderOperation.h */ = {isa = PBXFileReference; fileEncoding = 4; lastKnownFileType = sourcecode.c.h; path = SDWebImageDownloaderOperation.h; sourceTree = "<group>"; };
		989FE62018A896B20099DD1C /* SDWebImageDownloaderOperation.m */ = {isa = PBXFileReference; fileEncoding = 4; lastKnownFileType = sourcecode.c.objc; path = SDWebImageDownloaderOperation.m; sourceTree = "<group>"; };
		989FE62118A896B20099DD1C /* SDWebImageManager.h */ = {isa = PBXFileReference; fileEncoding = 4; lastKnownFileType = sourcecode.c.h; path = SDWebImageManager.h; sourceTree = "<group>"; };
		989FE62218A896B20099DD1C /* SDWebImageManager.m */ = {isa = PBXFileReference; fileEncoding = 4; lastKnownFileType = sourcecode.c.objc; path = SDWebImageManager.m; sourceTree = "<group>"; };
		989FE62318A896B20099DD1C /* SDWebImageOperation.h */ = {isa = PBXFileReference; fileEncoding = 4; lastKnownFileType = sourcecode.c.h; path = SDWebImageOperation.h; sourceTree = "<group>"; };
		989FE62418A896B20099DD1C /* SDWebImagePrefetcher.h */ = {isa = PBXFileReference; fileEncoding = 4; lastKnownFileType = sourcecode.c.h; path = SDWebImagePrefetcher.h; sourceTree = "<group>"; };
		989FE62518A896B20099DD1C /* SDWebImagePrefetcher.m */ = {isa = PBXFileReference; fileEncoding = 4; lastKnownFileType = sourcecode.c.objc; path = SDWebImagePrefetcher.m; sourceTree = "<group>"; };
		989FE62618A896B20099DD1C /* UIButton+WebCache.h */ = {isa = PBXFileReference; fileEncoding = 4; lastKnownFileType = sourcecode.c.h; path = "UIButton+WebCache.h"; sourceTree = "<group>"; };
		989FE62718A896B20099DD1C /* UIButton+WebCache.m */ = {isa = PBXFileReference; fileEncoding = 4; lastKnownFileType = sourcecode.c.objc; path = "UIButton+WebCache.m"; sourceTree = "<group>"; };
		989FE62818A896B20099DD1C /* UIImage+GIF.h */ = {isa = PBXFileReference; fileEncoding = 4; lastKnownFileType = sourcecode.c.h; path = "UIImage+GIF.h"; sourceTree = "<group>"; };
		989FE62918A896B20099DD1C /* UIImage+GIF.m */ = {isa = PBXFileReference; fileEncoding = 4; lastKnownFileType = sourcecode.c.objc; path = "UIImage+GIF.m"; sourceTree = "<group>"; };
		989FE62A18A896B20099DD1C /* UIImage+MultiFormat.h */ = {isa = PBXFileReference; fileEncoding = 4; lastKnownFileType = sourcecode.c.h; path = "UIImage+MultiFormat.h"; sourceTree = "<group>"; };
		989FE62B18A896B20099DD1C /* UIImage+MultiFormat.m */ = {isa = PBXFileReference; fileEncoding = 4; lastKnownFileType = sourcecode.c.objc; path = "UIImage+MultiFormat.m"; sourceTree = "<group>"; };
		989FE62C18A896B20099DD1C /* UIImage+WebP.h */ = {isa = PBXFileReference; fileEncoding = 4; lastKnownFileType = sourcecode.c.h; path = "UIImage+WebP.h"; sourceTree = "<group>"; };
		989FE62D18A896B20099DD1C /* UIImage+WebP.m */ = {isa = PBXFileReference; fileEncoding = 4; lastKnownFileType = sourcecode.c.objc; path = "UIImage+WebP.m"; sourceTree = "<group>"; };
		989FE62E18A896B20099DD1C /* UIImageView+WebCache.h */ = {isa = PBXFileReference; fileEncoding = 4; lastKnownFileType = sourcecode.c.h; path = "UIImageView+WebCache.h"; sourceTree = "<group>"; };
		989FE62F18A896B20099DD1C /* UIImageView+WebCache.m */ = {isa = PBXFileReference; fileEncoding = 4; lastKnownFileType = sourcecode.c.objc; path = "UIImageView+WebCache.m"; sourceTree = "<group>"; };
		989FE63F18A89BC20099DD1C /* AFHTTPRequestOperation.h */ = {isa = PBXFileReference; fileEncoding = 4; lastKnownFileType = sourcecode.c.h; path = AFHTTPRequestOperation.h; sourceTree = "<group>"; };
		989FE64018A89BC20099DD1C /* AFHTTPRequestOperation.m */ = {isa = PBXFileReference; fileEncoding = 4; lastKnownFileType = sourcecode.c.objc; path = AFHTTPRequestOperation.m; sourceTree = "<group>"; };
		989FE64118A89BC20099DD1C /* AFHTTPRequestOperationManager.h */ = {isa = PBXFileReference; fileEncoding = 4; lastKnownFileType = sourcecode.c.h; path = AFHTTPRequestOperationManager.h; sourceTree = "<group>"; };
		989FE64218A89BC20099DD1C /* AFHTTPRequestOperationManager.m */ = {isa = PBXFileReference; fileEncoding = 4; lastKnownFileType = sourcecode.c.objc; path = AFHTTPRequestOperationManager.m; sourceTree = "<group>"; };
		989FE64318A89BC20099DD1C /* AFHTTPSessionManager.h */ = {isa = PBXFileReference; fileEncoding = 4; lastKnownFileType = sourcecode.c.h; path = AFHTTPSessionManager.h; sourceTree = "<group>"; };
		989FE64418A89BC20099DD1C /* AFHTTPSessionManager.m */ = {isa = PBXFileReference; fileEncoding = 4; lastKnownFileType = sourcecode.c.objc; path = AFHTTPSessionManager.m; sourceTree = "<group>"; };
		989FE64518A89BC20099DD1C /* AFNetworking.h */ = {isa = PBXFileReference; fileEncoding = 4; lastKnownFileType = sourcecode.c.h; path = AFNetworking.h; sourceTree = "<group>"; };
		989FE64618A89BC20099DD1C /* AFNetworkReachabilityManager.h */ = {isa = PBXFileReference; fileEncoding = 4; lastKnownFileType = sourcecode.c.h; path = AFNetworkReachabilityManager.h; sourceTree = "<group>"; };
		989FE64718A89BC20099DD1C /* AFNetworkReachabilityManager.m */ = {isa = PBXFileReference; fileEncoding = 4; lastKnownFileType = sourcecode.c.objc; path = AFNetworkReachabilityManager.m; sourceTree = "<group>"; };
		989FE64818A89BC20099DD1C /* AFSecurityPolicy.h */ = {isa = PBXFileReference; fileEncoding = 4; lastKnownFileType = sourcecode.c.h; path = AFSecurityPolicy.h; sourceTree = "<group>"; };
		989FE64918A89BC20099DD1C /* AFSecurityPolicy.m */ = {isa = PBXFileReference; fileEncoding = 4; lastKnownFileType = sourcecode.c.objc; path = AFSecurityPolicy.m; sourceTree = "<group>"; };
		989FE64A18A89BC20099DD1C /* AFURLConnectionOperation.h */ = {isa = PBXFileReference; fileEncoding = 4; lastKnownFileType = sourcecode.c.h; path = AFURLConnectionOperation.h; sourceTree = "<group>"; };
		989FE64B18A89BC20099DD1C /* AFURLConnectionOperation.m */ = {isa = PBXFileReference; fileEncoding = 4; lastKnownFileType = sourcecode.c.objc; path = AFURLConnectionOperation.m; sourceTree = "<group>"; };
		989FE64C18A89BC20099DD1C /* AFURLRequestSerialization.h */ = {isa = PBXFileReference; fileEncoding = 4; lastKnownFileType = sourcecode.c.h; path = AFURLRequestSerialization.h; sourceTree = "<group>"; };
		989FE64D18A89BC20099DD1C /* AFURLRequestSerialization.m */ = {isa = PBXFileReference; fileEncoding = 4; lastKnownFileType = sourcecode.c.objc; path = AFURLRequestSerialization.m; sourceTree = "<group>"; };
		989FE64E18A89BC20099DD1C /* AFURLResponseSerialization.h */ = {isa = PBXFileReference; fileEncoding = 4; lastKnownFileType = sourcecode.c.h; path = AFURLResponseSerialization.h; sourceTree = "<group>"; };
		989FE64F18A89BC20099DD1C /* AFURLResponseSerialization.m */ = {isa = PBXFileReference; fileEncoding = 4; lastKnownFileType = sourcecode.c.objc; path = AFURLResponseSerialization.m; sourceTree = "<group>"; };
		989FE65018A89BC20099DD1C /* AFURLSessionManager.h */ = {isa = PBXFileReference; fileEncoding = 4; lastKnownFileType = sourcecode.c.h; path = AFURLSessionManager.h; sourceTree = "<group>"; };
		989FE65118A89BC20099DD1C /* AFURLSessionManager.m */ = {isa = PBXFileReference; fileEncoding = 4; lastKnownFileType = sourcecode.c.objc; path = AFURLSessionManager.m; sourceTree = "<group>"; };
		989FE65C18A89BF00099DD1C /* AFNetworkActivityIndicatorManager.h */ = {isa = PBXFileReference; fileEncoding = 4; lastKnownFileType = sourcecode.c.h; path = AFNetworkActivityIndicatorManager.h; sourceTree = "<group>"; };
		989FE65D18A89BF00099DD1C /* AFNetworkActivityIndicatorManager.m */ = {isa = PBXFileReference; fileEncoding = 4; lastKnownFileType = sourcecode.c.objc; path = AFNetworkActivityIndicatorManager.m; sourceTree = "<group>"; };
		989FE65E18A89BF00099DD1C /* UIActivityIndicatorView+AFNetworking.h */ = {isa = PBXFileReference; fileEncoding = 4; lastKnownFileType = sourcecode.c.h; path = "UIActivityIndicatorView+AFNetworking.h"; sourceTree = "<group>"; };
		989FE65F18A89BF00099DD1C /* UIActivityIndicatorView+AFNetworking.m */ = {isa = PBXFileReference; fileEncoding = 4; lastKnownFileType = sourcecode.c.objc; path = "UIActivityIndicatorView+AFNetworking.m"; sourceTree = "<group>"; };
		989FE66018A89BF00099DD1C /* UIAlertView+AFNetworking.h */ = {isa = PBXFileReference; fileEncoding = 4; lastKnownFileType = sourcecode.c.h; path = "UIAlertView+AFNetworking.h"; sourceTree = "<group>"; };
		989FE66118A89BF00099DD1C /* UIAlertView+AFNetworking.m */ = {isa = PBXFileReference; fileEncoding = 4; lastKnownFileType = sourcecode.c.objc; path = "UIAlertView+AFNetworking.m"; sourceTree = "<group>"; };
		989FE66218A89BF00099DD1C /* UIButton+AFNetworking.h */ = {isa = PBXFileReference; fileEncoding = 4; lastKnownFileType = sourcecode.c.h; path = "UIButton+AFNetworking.h"; sourceTree = "<group>"; };
		989FE66318A89BF00099DD1C /* UIButton+AFNetworking.m */ = {isa = PBXFileReference; fileEncoding = 4; lastKnownFileType = sourcecode.c.objc; path = "UIButton+AFNetworking.m"; sourceTree = "<group>"; };
		989FE66418A89BF00099DD1C /* UIImageView+AFNetworking.h */ = {isa = PBXFileReference; fileEncoding = 4; lastKnownFileType = sourcecode.c.h; path = "UIImageView+AFNetworking.h"; sourceTree = "<group>"; };
		989FE66518A89BF00099DD1C /* UIImageView+AFNetworking.m */ = {isa = PBXFileReference; fileEncoding = 4; lastKnownFileType = sourcecode.c.objc; path = "UIImageView+AFNetworking.m"; sourceTree = "<group>"; };
		989FE66618A89BF00099DD1C /* UIKit+AFNetworking.h */ = {isa = PBXFileReference; fileEncoding = 4; lastKnownFileType = sourcecode.c.h; path = "UIKit+AFNetworking.h"; sourceTree = "<group>"; };
		989FE66718A89BF00099DD1C /* UIProgressView+AFNetworking.h */ = {isa = PBXFileReference; fileEncoding = 4; lastKnownFileType = sourcecode.c.h; path = "UIProgressView+AFNetworking.h"; sourceTree = "<group>"; };
		989FE66818A89BF00099DD1C /* UIProgressView+AFNetworking.m */ = {isa = PBXFileReference; fileEncoding = 4; lastKnownFileType = sourcecode.c.objc; path = "UIProgressView+AFNetworking.m"; sourceTree = "<group>"; };
		989FE66918A89BF00099DD1C /* UIWebView+AFNetworking.h */ = {isa = PBXFileReference; fileEncoding = 4; lastKnownFileType = sourcecode.c.h; path = "UIWebView+AFNetworking.h"; sourceTree = "<group>"; };
		989FE66A18A89BF00099DD1C /* UIWebView+AFNetworking.m */ = {isa = PBXFileReference; fileEncoding = 4; lastKnownFileType = sourcecode.c.objc; path = "UIWebView+AFNetworking.m"; sourceTree = "<group>"; };
		98C7496918A745B1000A4CAF /* Lifemax.app */ = {isa = PBXFileReference; explicitFileType = wrapper.application; includeInIndex = 0; path = Lifemax.app; sourceTree = BUILT_PRODUCTS_DIR; };
		98C7496C18A745B1000A4CAF /* Foundation.framework */ = {isa = PBXFileReference; lastKnownFileType = wrapper.framework; name = Foundation.framework; path = System/Library/Frameworks/Foundation.framework; sourceTree = SDKROOT; };
		98C7496E18A745B1000A4CAF /* CoreGraphics.framework */ = {isa = PBXFileReference; lastKnownFileType = wrapper.framework; name = CoreGraphics.framework; path = System/Library/Frameworks/CoreGraphics.framework; sourceTree = SDKROOT; };
		98C7497018A745B1000A4CAF /* UIKit.framework */ = {isa = PBXFileReference; lastKnownFileType = wrapper.framework; name = UIKit.framework; path = System/Library/Frameworks/UIKit.framework; sourceTree = SDKROOT; };
		98C7497418A745B1000A4CAF /* Lifemax-Info.plist */ = {isa = PBXFileReference; lastKnownFileType = text.plist.xml; path = "Lifemax-Info.plist"; sourceTree = "<group>"; };
		98C7497618A745B1000A4CAF /* en */ = {isa = PBXFileReference; lastKnownFileType = text.plist.strings; name = en; path = en.lproj/InfoPlist.strings; sourceTree = "<group>"; };
		98C7497818A745B1000A4CAF /* main.m */ = {isa = PBXFileReference; lastKnownFileType = sourcecode.c.objc; path = main.m; sourceTree = "<group>"; };
		98C7497A18A745B1000A4CAF /* Lifemax-Prefix.pch */ = {isa = PBXFileReference; lastKnownFileType = sourcecode.c.h; path = "Lifemax-Prefix.pch"; sourceTree = "<group>"; };
		98C7497B18A745B1000A4CAF /* AppDelegate.h */ = {isa = PBXFileReference; lastKnownFileType = sourcecode.c.h; path = AppDelegate.h; sourceTree = "<group>"; };
		98C7497C18A745B1000A4CAF /* AppDelegate.m */ = {isa = PBXFileReference; lastKnownFileType = sourcecode.c.objc; path = AppDelegate.m; sourceTree = "<group>"; };
		98C7497F18A745B1000A4CAF /* Base */ = {isa = PBXFileReference; lastKnownFileType = file.storyboard; name = Base; path = Base.lproj/Main.storyboard; sourceTree = "<group>"; };
		98C7498118A745B1000A4CAF /* ViewController.h */ = {isa = PBXFileReference; lastKnownFileType = sourcecode.c.h; path = ViewController.h; sourceTree = "<group>"; };
		98C7498218A745B1000A4CAF /* ViewController.m */ = {isa = PBXFileReference; lastKnownFileType = sourcecode.c.objc; path = ViewController.m; sourceTree = "<group>"; };
		98C7498418A745B1000A4CAF /* Images.xcassets */ = {isa = PBXFileReference; lastKnownFileType = folder.assetcatalog; path = Images.xcassets; sourceTree = "<group>"; };
		98C7498A18A745B1000A4CAF /* LifemaxTests.xctest */ = {isa = PBXFileReference; explicitFileType = wrapper.cfbundle; includeInIndex = 0; path = LifemaxTests.xctest; sourceTree = BUILT_PRODUCTS_DIR; };
		98C7498B18A745B1000A4CAF /* XCTest.framework */ = {isa = PBXFileReference; lastKnownFileType = wrapper.framework; name = XCTest.framework; path = Library/Frameworks/XCTest.framework; sourceTree = DEVELOPER_DIR; };
		98C7499318A745B1000A4CAF /* LifemaxTests-Info.plist */ = {isa = PBXFileReference; lastKnownFileType = text.plist.xml; path = "LifemaxTests-Info.plist"; sourceTree = "<group>"; };
		98C7499518A745B1000A4CAF /* en */ = {isa = PBXFileReference; lastKnownFileType = text.plist.strings; name = en; path = en.lproj/InfoPlist.strings; sourceTree = "<group>"; };
		98C7499718A745B1000A4CAF /* LifemaxTests.m */ = {isa = PBXFileReference; lastKnownFileType = sourcecode.c.objc; path = LifemaxTests.m; sourceTree = "<group>"; };
		98C749A218A7495B000A4CAF /* SWRevealViewController.h */ = {isa = PBXFileReference; fileEncoding = 4; lastKnownFileType = sourcecode.c.h; path = SWRevealViewController.h; sourceTree = "<group>"; };
		98C749A318A7495B000A4CAF /* SWRevealViewController.m */ = {isa = PBXFileReference; fileEncoding = 4; lastKnownFileType = sourcecode.c.objc; path = SWRevealViewController.m; sourceTree = "<group>"; };
		98C749A518A74AFB000A4CAF /* MenuViewController.h */ = {isa = PBXFileReference; fileEncoding = 4; lastKnownFileType = sourcecode.c.h; path = MenuViewController.h; sourceTree = "<group>"; };
		98C749A618A74AFB000A4CAF /* MenuViewController.m */ = {isa = PBXFileReference; fileEncoding = 4; lastKnownFileType = sourcecode.c.objc; path = MenuViewController.m; sourceTree = "<group>"; };
		98D951B918A877F700333D4D /* CameraCheckbox.h */ = {isa = PBXFileReference; fileEncoding = 4; lastKnownFileType = sourcecode.c.h; path = CameraCheckbox.h; sourceTree = "<group>"; };
		98D951BA18A877F700333D4D /* CameraCheckbox.m */ = {isa = PBXFileReference; fileEncoding = 4; lastKnownFileType = sourcecode.c.objc; path = CameraCheckbox.m; sourceTree = "<group>"; };
		98D951BF18A88CA300333D4D /* UIImageView+URLDownload.h */ = {isa = PBXFileReference; fileEncoding = 4; lastKnownFileType = sourcecode.c.h; path = "UIImageView+URLDownload.h"; sourceTree = "<group>"; };
		98D951C018A88CA300333D4D /* UIImageView+URLDownload.m */ = {isa = PBXFileReference; fileEncoding = 4; lastKnownFileType = sourcecode.c.objc; path = "UIImageView+URLDownload.m"; sourceTree = "<group>"; };
		98D951C218A88D7700333D4D /* FeedUserTaskCell.h */ = {isa = PBXFileReference; fileEncoding = 4; lastKnownFileType = sourcecode.c.h; path = FeedUserTaskCell.h; sourceTree = "<group>"; };
		98D951C318A88D7700333D4D /* FeedUserTaskCell.m */ = {isa = PBXFileReference; fileEncoding = 4; lastKnownFileType = sourcecode.c.objc; path = FeedUserTaskCell.m; sourceTree = "<group>"; };
		98D951C518A8902A00333D4D /* NewsFeedViewController.h */ = {isa = PBXFileReference; fileEncoding = 4; lastKnownFileType = sourcecode.c.h; path = NewsFeedViewController.h; sourceTree = "<group>"; };
		98D951C618A8902A00333D4D /* NewsFeedViewController.m */ = {isa = PBXFileReference; fileEncoding = 4; lastKnownFileType = sourcecode.c.objc; path = NewsFeedViewController.m; sourceTree = "<group>"; };
		98DF58A218A8207E00AC2BE0 /* LifeListFilter.h */ = {isa = PBXFileReference; fileEncoding = 4; lastKnownFileType = sourcecode.c.h; path = LifeListFilter.h; sourceTree = "<group>"; };
		98DF58A318A8207E00AC2BE0 /* LifeListFilter.m */ = {isa = PBXFileReference; fileEncoding = 4; lastKnownFileType = sourcecode.c.objc; path = LifeListFilter.m; sourceTree = "<group>"; };
		98DF58A518A83E9000AC2BE0 /* GoogleSyncViewController.h */ = {isa = PBXFileReference; fileEncoding = 4; lastKnownFileType = sourcecode.c.h; path = GoogleSyncViewController.h; sourceTree = "<group>"; };
		98DF58A618A83E9000AC2BE0 /* GoogleSyncViewController.m */ = {isa = PBXFileReference; fileEncoding = 4; lastKnownFileType = sourcecode.c.objc; path = GoogleSyncViewController.m; sourceTree = "<group>"; };
		98DF58A918A85BAF00AC2BE0 /* TaskCell.h */ = {isa = PBXFileReference; fileEncoding = 4; lastKnownFileType = sourcecode.c.h; path = TaskCell.h; sourceTree = "<group>"; };
		98DF58AA18A85BAF00AC2BE0 /* TaskCell.m */ = {isa = PBXFileReference; fileEncoding = 4; lastKnownFileType = sourcecode.c.objc; path = TaskCell.m; sourceTree = "<group>"; };
		98FB50A718A7FCC800C916BC /* LifeListViewController.h */ = {isa = PBXFileReference; fileEncoding = 4; lastKnownFileType = sourcecode.c.h; path = LifeListViewController.h; sourceTree = "<group>"; };
		98FB50A818A7FCC800C916BC /* LifeListViewController.m */ = {isa = PBXFileReference; fileEncoding = 4; lastKnownFileType = sourcecode.c.objc; path = LifeListViewController.m; sourceTree = "<group>"; };
		98FB50AE18A8044200C916BC /* FacebookSDK.framework */ = {isa = PBXFileReference; lastKnownFileType = wrapper.framework; name = FacebookSDK.framework; path = ../../../Documents/FacebookSDK/FacebookSDK.framework; sourceTree = "<group>"; };
		98FB50B018A80D0900C916BC /* LoginViewController.h */ = {isa = PBXFileReference; fileEncoding = 4; lastKnownFileType = sourcecode.c.h; path = LoginViewController.h; sourceTree = "<group>"; };
		98FB50B118A80D0900C916BC /* LoginViewController.m */ = {isa = PBXFileReference; fileEncoding = 4; lastKnownFileType = sourcecode.c.objc; path = LoginViewController.m; sourceTree = "<group>"; };
/* End PBXFileReference section */

/* Begin PBXFrameworksBuildPhase section */
		98C7496618A745B1000A4CAF /* Frameworks */ = {
			isa = PBXFrameworksBuildPhase;
			buildActionMask = 2147483647;
			files = (
				9874FD7F18A74CEC006F64D3 /* QuartzCore.framework in Frameworks */,
				98FB50AF18A8044200C916BC /* FacebookSDK.framework in Frameworks */,
				98C7496F18A745B1000A4CAF /* CoreGraphics.framework in Frameworks */,
				98C7497118A745B1000A4CAF /* UIKit.framework in Frameworks */,
				98C7496D18A745B1000A4CAF /* Foundation.framework in Frameworks */,
			);
			runOnlyForDeploymentPostprocessing = 0;
		};
		98C7498718A745B1000A4CAF /* Frameworks */ = {
			isa = PBXFrameworksBuildPhase;
			buildActionMask = 2147483647;
			files = (
				98C7498C18A745B1000A4CAF /* XCTest.framework in Frameworks */,
				98C7498E18A745B1000A4CAF /* UIKit.framework in Frameworks */,
				98C7498D18A745B1000A4CAF /* Foundation.framework in Frameworks */,
			);
			runOnlyForDeploymentPostprocessing = 0;
		};
/* End PBXFrameworksBuildPhase section */

/* Begin PBXGroup section */
		989FE61218A896B10099DD1C /* SDWebImage */ = {
			isa = PBXGroup;
			children = (
				989FE61318A896B20099DD1C /* MKAnnotationView+WebCache.h */,
				989FE61418A896B20099DD1C /* MKAnnotationView+WebCache.m */,
				989FE61518A896B20099DD1C /* NSData+ImageContentType.h */,
				989FE61618A896B20099DD1C /* NSData+ImageContentType.m */,
				989FE61718A896B20099DD1C /* SDImageCache.h */,
				989FE61818A896B20099DD1C /* SDImageCache.m */,
				989FE61918A896B20099DD1C /* SDWebImageCompat.h */,
				989FE61A18A896B20099DD1C /* SDWebImageCompat.m */,
				989FE61B18A896B20099DD1C /* SDWebImageDecoder.h */,
				989FE61C18A896B20099DD1C /* SDWebImageDecoder.m */,
				989FE61D18A896B20099DD1C /* SDWebImageDownloader.h */,
				989FE61E18A896B20099DD1C /* SDWebImageDownloader.m */,
				989FE61F18A896B20099DD1C /* SDWebImageDownloaderOperation.h */,
				989FE62018A896B20099DD1C /* SDWebImageDownloaderOperation.m */,
				989FE62118A896B20099DD1C /* SDWebImageManager.h */,
				989FE62218A896B20099DD1C /* SDWebImageManager.m */,
				989FE62318A896B20099DD1C /* SDWebImageOperation.h */,
				989FE62418A896B20099DD1C /* SDWebImagePrefetcher.h */,
				989FE62518A896B20099DD1C /* SDWebImagePrefetcher.m */,
				989FE62618A896B20099DD1C /* UIButton+WebCache.h */,
				989FE62718A896B20099DD1C /* UIButton+WebCache.m */,
				989FE62818A896B20099DD1C /* UIImage+GIF.h */,
				989FE62918A896B20099DD1C /* UIImage+GIF.m */,
				989FE62A18A896B20099DD1C /* UIImage+MultiFormat.h */,
				989FE62B18A896B20099DD1C /* UIImage+MultiFormat.m */,
				989FE62C18A896B20099DD1C /* UIImage+WebP.h */,
				989FE62D18A896B20099DD1C /* UIImage+WebP.m */,
				989FE62E18A896B20099DD1C /* UIImageView+WebCache.h */,
				989FE62F18A896B20099DD1C /* UIImageView+WebCache.m */,
			);
			name = SDWebImage;
			path = SDWebImage/SDWebImage;
			sourceTree = "<group>";
		};
		989FE63E18A89BC20099DD1C /* AFNetworking */ = {
			isa = PBXGroup;
			children = (
				989FE63F18A89BC20099DD1C /* AFHTTPRequestOperation.h */,
				989FE64018A89BC20099DD1C /* AFHTTPRequestOperation.m */,
				989FE64118A89BC20099DD1C /* AFHTTPRequestOperationManager.h */,
				989FE64218A89BC20099DD1C /* AFHTTPRequestOperationManager.m */,
				989FE64318A89BC20099DD1C /* AFHTTPSessionManager.h */,
				989FE64418A89BC20099DD1C /* AFHTTPSessionManager.m */,
				989FE64518A89BC20099DD1C /* AFNetworking.h */,
				989FE64618A89BC20099DD1C /* AFNetworkReachabilityManager.h */,
				989FE64718A89BC20099DD1C /* AFNetworkReachabilityManager.m */,
				989FE64818A89BC20099DD1C /* AFSecurityPolicy.h */,
				989FE64918A89BC20099DD1C /* AFSecurityPolicy.m */,
				989FE64A18A89BC20099DD1C /* AFURLConnectionOperation.h */,
				989FE64B18A89BC20099DD1C /* AFURLConnectionOperation.m */,
				989FE64C18A89BC20099DD1C /* AFURLRequestSerialization.h */,
				989FE64D18A89BC20099DD1C /* AFURLRequestSerialization.m */,
				989FE64E18A89BC20099DD1C /* AFURLResponseSerialization.h */,
				989FE64F18A89BC20099DD1C /* AFURLResponseSerialization.m */,
				989FE65018A89BC20099DD1C /* AFURLSessionManager.h */,
				989FE65118A89BC20099DD1C /* AFURLSessionManager.m */,
			);
			name = AFNetworking;
			path = AFNetworking/AFNetworking;
			sourceTree = "<group>";
		};
		989FE65B18A89BF00099DD1C /* UIKit+AFNetworking */ = {
			isa = PBXGroup;
			children = (
				989FE65C18A89BF00099DD1C /* AFNetworkActivityIndicatorManager.h */,
				989FE65D18A89BF00099DD1C /* AFNetworkActivityIndicatorManager.m */,
				989FE65E18A89BF00099DD1C /* UIActivityIndicatorView+AFNetworking.h */,
				989FE65F18A89BF00099DD1C /* UIActivityIndicatorView+AFNetworking.m */,
				989FE66018A89BF00099DD1C /* UIAlertView+AFNetworking.h */,
				989FE66118A89BF00099DD1C /* UIAlertView+AFNetworking.m */,
				989FE66218A89BF00099DD1C /* UIButton+AFNetworking.h */,
				989FE66318A89BF00099DD1C /* UIButton+AFNetworking.m */,
				989FE66418A89BF00099DD1C /* UIImageView+AFNetworking.h */,
				989FE66518A89BF00099DD1C /* UIImageView+AFNetworking.m */,
				989FE66618A89BF00099DD1C /* UIKit+AFNetworking.h */,
				989FE66718A89BF00099DD1C /* UIProgressView+AFNetworking.h */,
				989FE66818A89BF00099DD1C /* UIProgressView+AFNetworking.m */,
				989FE66918A89BF00099DD1C /* UIWebView+AFNetworking.h */,
				989FE66A18A89BF00099DD1C /* UIWebView+AFNetworking.m */,
			);
			name = "UIKit+AFNetworking";
			path = "AFNetworking/UIKit+AFNetworking";
			sourceTree = "<group>";
		};
		98C7496018A745B1000A4CAF = {
			isa = PBXGroup;
			children = (
				989FE63E18A89BC20099DD1C /* AFNetworking */,
				989FE65B18A89BF00099DD1C /* UIKit+AFNetworking */,
				989FE61218A896B10099DD1C /* SDWebImage */,
				98C749A118A7495B000A4CAF /* SWRevealViewController */,
				98C7497218A745B1000A4CAF /* Lifemax */,
				98C7499118A745B1000A4CAF /* LifemaxTests */,
				98C7496B18A745B1000A4CAF /* Frameworks */,
				98C7496A18A745B1000A4CAF /* Products */,
			);
			sourceTree = "<group>";
		};
		98C7496A18A745B1000A4CAF /* Products */ = {
			isa = PBXGroup;
			children = (
				98C7496918A745B1000A4CAF /* Lifemax.app */,
				98C7498A18A745B1000A4CAF /* LifemaxTests.xctest */,
			);
			name = Products;
			sourceTree = "<group>";
		};
		98C7496B18A745B1000A4CAF /* Frameworks */ = {
			isa = PBXGroup;
			children = (
				98FB50AE18A8044200C916BC /* FacebookSDK.framework */,
				9874FD8018A74D04006F64D3 /* MapKit.framework */,
				9874FD7E18A74CEC006F64D3 /* QuartzCore.framework */,
				98C7496C18A745B1000A4CAF /* Foundation.framework */,
				98C7496E18A745B1000A4CAF /* CoreGraphics.framework */,
				98C7497018A745B1000A4CAF /* UIKit.framework */,
				98C7498B18A745B1000A4CAF /* XCTest.framework */,
			);
			name = Frameworks;
			sourceTree = "<group>";
		};
		98C7497218A745B1000A4CAF /* Lifemax */ = {
			isa = PBXGroup;
			children = (
				98C7497B18A745B1000A4CAF /* AppDelegate.h */,
				98C7497C18A745B1000A4CAF /* AppDelegate.m */,
				98DF58A118A8204700AC2BE0 /* Views */,
				98FB50AA18A7FCDF00C916BC /* ViewControllers */,
				98C7497E18A745B1000A4CAF /* Main.storyboard */,
				98C7498118A745B1000A4CAF /* ViewController.h */,
				98C7498218A745B1000A4CAF /* ViewController.m */,
				98D951BF18A88CA300333D4D /* UIImageView+URLDownload.h */,
				98D951C018A88CA300333D4D /* UIImageView+URLDownload.m */,
				98C749A518A74AFB000A4CAF /* MenuViewController.h */,
				98C749A618A74AFB000A4CAF /* MenuViewController.m */,
				987A6E1618A8CC5000693E10 /* organized-papers.JPG */,
				98C7498418A745B1000A4CAF /* Images.xcassets */,
				98C7497318A745B1000A4CAF /* Supporting Files */,
			);
			path = Lifemax;
			sourceTree = "<group>";
		};
		98C7497318A745B1000A4CAF /* Supporting Files */ = {
			isa = PBXGroup;
			children = (
				98C7497418A745B1000A4CAF /* Lifemax-Info.plist */,
				98C7497518A745B1000A4CAF /* InfoPlist.strings */,
				98C7497818A745B1000A4CAF /* main.m */,
				98C7497A18A745B1000A4CAF /* Lifemax-Prefix.pch */,
			);
			name = "Supporting Files";
			sourceTree = "<group>";
		};
		98C7499118A745B1000A4CAF /* LifemaxTests */ = {
			isa = PBXGroup;
			children = (
				98C7499718A745B1000A4CAF /* LifemaxTests.m */,
				98C7499218A745B1000A4CAF /* Supporting Files */,
			);
			path = LifemaxTests;
			sourceTree = "<group>";
		};
		98C7499218A745B1000A4CAF /* Supporting Files */ = {
			isa = PBXGroup;
			children = (
				98C7499318A745B1000A4CAF /* LifemaxTests-Info.plist */,
				98C7499418A745B1000A4CAF /* InfoPlist.strings */,
			);
			name = "Supporting Files";
			sourceTree = "<group>";
		};
		98C749A118A7495B000A4CAF /* SWRevealViewController */ = {
			isa = PBXGroup;
			children = (
				98C749A218A7495B000A4CAF /* SWRevealViewController.h */,
				98C749A318A7495B000A4CAF /* SWRevealViewController.m */,
			);
			path = SWRevealViewController;
			sourceTree = "<group>";
		};
		98DF58A118A8204700AC2BE0 /* Views */ = {
			isa = PBXGroup;
			children = (
				98D951B918A877F700333D4D /* CameraCheckbox.h */,
				98D951BA18A877F700333D4D /* CameraCheckbox.m */,
				98DF58A818A85B9A00AC2BE0 /* TableViewCells */,
				98DF58A218A8207E00AC2BE0 /* LifeListFilter.h */,
				98DF58A318A8207E00AC2BE0 /* LifeListFilter.m */,
			);
			path = Views;
			sourceTree = "<group>";
		};
		98DF58A818A85B9A00AC2BE0 /* TableViewCells */ = {
			isa = PBXGroup;
			children = (
				98DF58A918A85BAF00AC2BE0 /* TaskCell.h */,
				98DF58AA18A85BAF00AC2BE0 /* TaskCell.m */,
				98D951C218A88D7700333D4D /* FeedUserTaskCell.h */,
				98D951C318A88D7700333D4D /* FeedUserTaskCell.m */,
			);
			name = TableViewCells;
			sourceTree = "<group>";
		};
		98FB50AA18A7FCDF00C916BC /* ViewControllers */ = {
			isa = PBXGroup;
			children = (
				98FB50A718A7FCC800C916BC /* LifeListViewController.h */,
				98FB50A818A7FCC800C916BC /* LifeListViewController.m */,
				98FB50B018A80D0900C916BC /* LoginViewController.h */,
				98FB50B118A80D0900C916BC /* LoginViewController.m */,
				98DF58A518A83E9000AC2BE0 /* GoogleSyncViewController.h */,
				98DF58A618A83E9000AC2BE0 /* GoogleSyncViewController.m */,
				98D951C518A8902A00333D4D /* NewsFeedViewController.h */,
				98D951C618A8902A00333D4D /* NewsFeedViewController.m */,
			);
			path = ViewControllers;
			sourceTree = "<group>";
		};
/* End PBXGroup section */

/* Begin PBXNativeTarget section */
		98C7496818A745B1000A4CAF /* Lifemax */ = {
			isa = PBXNativeTarget;
			buildConfigurationList = 98C7499B18A745B1000A4CAF /* Build configuration list for PBXNativeTarget "Lifemax" */;
			buildPhases = (
				98C7496518A745B1000A4CAF /* Sources */,
				98C7496618A745B1000A4CAF /* Frameworks */,
				98C7496718A745B1000A4CAF /* Resources */,
			);
			buildRules = (
			);
			dependencies = (
			);
			name = Lifemax;
			productName = Lifemax;
			productReference = 98C7496918A745B1000A4CAF /* Lifemax.app */;
			productType = "com.apple.product-type.application";
		};
		98C7498918A745B1000A4CAF /* LifemaxTests */ = {
			isa = PBXNativeTarget;
			buildConfigurationList = 98C7499E18A745B1000A4CAF /* Build configuration list for PBXNativeTarget "LifemaxTests" */;
			buildPhases = (
				98C7498618A745B1000A4CAF /* Sources */,
				98C7498718A745B1000A4CAF /* Frameworks */,
				98C7498818A745B1000A4CAF /* Resources */,
			);
			buildRules = (
			);
			dependencies = (
				98C7499018A745B1000A4CAF /* PBXTargetDependency */,
			);
			name = LifemaxTests;
			productName = LifemaxTests;
			productReference = 98C7498A18A745B1000A4CAF /* LifemaxTests.xctest */;
			productType = "com.apple.product-type.bundle.unit-test";
		};
/* End PBXNativeTarget section */

/* Begin PBXProject section */
		98C7496118A745B1000A4CAF /* Project object */ = {
			isa = PBXProject;
			attributes = {
				LastUpgradeCheck = 0500;
				ORGANIZATIONNAME = YUCG;
				TargetAttributes = {
					98C7498918A745B1000A4CAF = {
						TestTargetID = 98C7496818A745B1000A4CAF;
					};
				};
			};
			buildConfigurationList = 98C7496418A745B1000A4CAF /* Build configuration list for PBXProject "Lifemax" */;
			compatibilityVersion = "Xcode 3.2";
			developmentRegion = English;
			hasScannedForEncodings = 0;
			knownRegions = (
				en,
				Base,
			);
			mainGroup = 98C7496018A745B1000A4CAF;
			productRefGroup = 98C7496A18A745B1000A4CAF /* Products */;
			projectDirPath = "";
			projectRoot = "";
			targets = (
				98C7496818A745B1000A4CAF /* Lifemax */,
				98C7498918A745B1000A4CAF /* LifemaxTests */,
			);
		};
/* End PBXProject section */

/* Begin PBXResourcesBuildPhase section */
		98C7496718A745B1000A4CAF /* Resources */ = {
			isa = PBXResourcesBuildPhase;
			buildActionMask = 2147483647;
			files = (
				98C7498518A745B1000A4CAF /* Images.xcassets in Resources */,
				98C7497718A745B1000A4CAF /* InfoPlist.strings in Resources */,
				987A6E1718A8CC5000693E10 /* organized-papers.JPG in Resources */,
				98C7498018A745B1000A4CAF /* Main.storyboard in Resources */,
			);
			runOnlyForDeploymentPostprocessing = 0;
		};
		98C7498818A745B1000A4CAF /* Resources */ = {
			isa = PBXResourcesBuildPhase;
			buildActionMask = 2147483647;
			files = (
				98C7499618A745B1000A4CAF /* InfoPlist.strings in Resources */,
			);
			runOnlyForDeploymentPostprocessing = 0;
		};
/* End PBXResourcesBuildPhase section */

/* Begin PBXSourcesBuildPhase section */
		98C7496518A745B1000A4CAF /* Sources */ = {
			isa = PBXSourcesBuildPhase;
			buildActionMask = 2147483647;
			files = (
				989FE63B18A896B20099DD1C /* UIImage+MultiFormat.m in Sources */,
				989FE63C18A896B20099DD1C /* UIImage+WebP.m in Sources */,
				989FE65318A89BC20099DD1C /* AFHTTPRequestOperationManager.m in Sources */,
				98D951BB18A877F700333D4D /* CameraCheckbox.m in Sources */,
				989FE66B18A89BF00099DD1C /* AFNetworkActivityIndicatorManager.m in Sources */,
				989FE63718A896B20099DD1C /* SDWebImageManager.m in Sources */,
				98D951C718A8902A00333D4D /* NewsFeedViewController.m in Sources */,
				98FB50A918A7FCC800C916BC /* LifeListViewController.m in Sources */,
				98C7498318A745B1000A4CAF /* ViewController.m in Sources */,
				989FE65A18A89BC20099DD1C /* AFURLSessionManager.m in Sources */,
				989FE63518A896B20099DD1C /* SDWebImageDownloader.m in Sources */,
				989FE65418A89BC20099DD1C /* AFHTTPSessionManager.m in Sources */,
				989FE66C18A89BF00099DD1C /* UIActivityIndicatorView+AFNetworking.m in Sources */,
				989FE65918A89BC20099DD1C /* AFURLResponseSerialization.m in Sources */,
				989FE65218A89BC20099DD1C /* AFHTTPRequestOperation.m in Sources */,
				98DF58AB18A85BAF00AC2BE0 /* TaskCell.m in Sources */,
				989FE67118A89BF00099DD1C /* UIWebView+AFNetworking.m in Sources */,
				989FE65818A89BC20099DD1C /* AFURLRequestSerialization.m in Sources */,
				98C7497D18A745B1000A4CAF /* AppDelegate.m in Sources */,
				98DF58A718A83E9000AC2BE0 /* GoogleSyncViewController.m in Sources */,
				989FE66F18A89BF00099DD1C /* UIImageView+AFNetworking.m in Sources */,
				98D951C118A88CA300333D4D /* UIImageView+URLDownload.m in Sources */,
				989FE63018A896B20099DD1C /* MKAnnotationView+WebCache.m in Sources */,
				98C7497918A745B1000A4CAF /* main.m in Sources */,
				989FE67018A89BF00099DD1C /* UIProgressView+AFNetworking.m in Sources */,
				989FE63118A896B20099DD1C /* NSData+ImageContentType.m in Sources */,
				989FE63A18A896B20099DD1C /* UIImage+GIF.m in Sources */,
				989FE66D18A89BF00099DD1C /* UIAlertView+AFNetworking.m in Sources */,
				989FE63918A896B20099DD1C /* UIButton+WebCache.m in Sources */,
				98D951C418A88D7700333D4D /* FeedUserTaskCell.m in Sources */,
				989FE63D18A896B20099DD1C /* UIImageView+WebCache.m in Sources */,
				989FE65518A89BC20099DD1C /* AFNetworkReachabilityManager.m in Sources */,
				989FE63818A896B20099DD1C /* SDWebImagePrefetcher.m in Sources */,
				989FE63418A896B20099DD1C /* SDWebImageDecoder.m in Sources */,
				989FE63218A896B20099DD1C /* SDImageCache.m in Sources */,
				989FE65718A89BC20099DD1C /* AFURLConnectionOperation.m in Sources */,
				989FE63318A896B20099DD1C /* SDWebImageCompat.m in Sources */,
				98FB50B218A80D0900C916BC /* LoginViewController.m in Sources */,
				98DF58A418A8207E00AC2BE0 /* LifeListFilter.m in Sources */,
				989FE63618A896B20099DD1C /* SDWebImageDownloaderOperation.m in Sources */,
				989FE66E18A89BF00099DD1C /* UIButton+AFNetworking.m in Sources */,
				98C749A418A7495B000A4CAF /* SWRevealViewController.m in Sources */,
				989FE65618A89BC20099DD1C /* AFSecurityPolicy.m in Sources */,
				98C749A918A74AFB000A4CAF /* MenuViewController.m in Sources */,
			);
			runOnlyForDeploymentPostprocessing = 0;
		};
		98C7498618A745B1000A4CAF /* Sources */ = {
			isa = PBXSourcesBuildPhase;
			buildActionMask = 2147483647;
			files = (
				98C7499818A745B1000A4CAF /* LifemaxTests.m in Sources */,
			);
			runOnlyForDeploymentPostprocessing = 0;
		};
/* End PBXSourcesBuildPhase section */

/* Begin PBXTargetDependency section */
		98C7499018A745B1000A4CAF /* PBXTargetDependency */ = {
			isa = PBXTargetDependency;
			target = 98C7496818A745B1000A4CAF /* Lifemax */;
			targetProxy = 98C7498F18A745B1000A4CAF /* PBXContainerItemProxy */;
		};
/* End PBXTargetDependency section */

/* Begin PBXVariantGroup section */
		98C7497518A745B1000A4CAF /* InfoPlist.strings */ = {
			isa = PBXVariantGroup;
			children = (
				98C7497618A745B1000A4CAF /* en */,
			);
			name = InfoPlist.strings;
			sourceTree = "<group>";
		};
		98C7497E18A745B1000A4CAF /* Main.storyboard */ = {
			isa = PBXVariantGroup;
			children = (
				98C7497F18A745B1000A4CAF /* Base */,
			);
			name = Main.storyboard;
			sourceTree = "<group>";
		};
		98C7499418A745B1000A4CAF /* InfoPlist.strings */ = {
			isa = PBXVariantGroup;
			children = (
				98C7499518A745B1000A4CAF /* en */,
			);
			name = InfoPlist.strings;
			sourceTree = "<group>";
		};
/* End PBXVariantGroup section */

/* Begin XCBuildConfiguration section */
		98C7499918A745B1000A4CAF /* Debug */ = {
			isa = XCBuildConfiguration;
			buildSettings = {
				ALWAYS_SEARCH_USER_PATHS = NO;
				ARCHS = "$(ARCHS_STANDARD_INCLUDING_64_BIT)";
				CLANG_CXX_LANGUAGE_STANDARD = "gnu++0x";
				CLANG_CXX_LIBRARY = "libc++";
				CLANG_ENABLE_MODULES = YES;
				CLANG_ENABLE_OBJC_ARC = YES;
				CLANG_WARN_BOOL_CONVERSION = YES;
				CLANG_WARN_CONSTANT_CONVERSION = YES;
				CLANG_WARN_DIRECT_OBJC_ISA_USAGE = YES_ERROR;
				CLANG_WARN_EMPTY_BODY = YES;
				CLANG_WARN_ENUM_CONVERSION = YES;
				CLANG_WARN_INT_CONVERSION = YES;
				CLANG_WARN_OBJC_ROOT_CLASS = YES_ERROR;
				CLANG_WARN__DUPLICATE_METHOD_MATCH = YES;
				"CODE_SIGN_IDENTITY[sdk=iphoneos*]" = "iPhone Developer";
				COPY_PHASE_STRIP = NO;
				GCC_C_LANGUAGE_STANDARD = gnu99;
				GCC_DYNAMIC_NO_PIC = NO;
				GCC_OPTIMIZATION_LEVEL = 0;
				GCC_PREPROCESSOR_DEFINITIONS = (
					"DEBUG=1",
					"$(inherited)",
				);
				GCC_SYMBOLS_PRIVATE_EXTERN = NO;
				GCC_WARN_64_TO_32_BIT_CONVERSION = YES;
				GCC_WARN_ABOUT_RETURN_TYPE = YES_ERROR;
				GCC_WARN_UNDECLARED_SELECTOR = YES;
				GCC_WARN_UNINITIALIZED_AUTOS = YES;
				GCC_WARN_UNUSED_FUNCTION = YES;
				GCC_WARN_UNUSED_VARIABLE = YES;
				IPHONEOS_DEPLOYMENT_TARGET = 7.0;
				ONLY_ACTIVE_ARCH = YES;
				SDKROOT = iphoneos;
			};
			name = Debug;
		};
		98C7499A18A745B1000A4CAF /* Release */ = {
			isa = XCBuildConfiguration;
			buildSettings = {
				ALWAYS_SEARCH_USER_PATHS = NO;
				ARCHS = "$(ARCHS_STANDARD_INCLUDING_64_BIT)";
				CLANG_CXX_LANGUAGE_STANDARD = "gnu++0x";
				CLANG_CXX_LIBRARY = "libc++";
				CLANG_ENABLE_MODULES = YES;
				CLANG_ENABLE_OBJC_ARC = YES;
				CLANG_WARN_BOOL_CONVERSION = YES;
				CLANG_WARN_CONSTANT_CONVERSION = YES;
				CLANG_WARN_DIRECT_OBJC_ISA_USAGE = YES_ERROR;
				CLANG_WARN_EMPTY_BODY = YES;
				CLANG_WARN_ENUM_CONVERSION = YES;
				CLANG_WARN_INT_CONVERSION = YES;
				CLANG_WARN_OBJC_ROOT_CLASS = YES_ERROR;
				CLANG_WARN__DUPLICATE_METHOD_MATCH = YES;
				"CODE_SIGN_IDENTITY[sdk=iphoneos*]" = "iPhone Developer";
				COPY_PHASE_STRIP = YES;
				ENABLE_NS_ASSERTIONS = NO;
				GCC_C_LANGUAGE_STANDARD = gnu99;
				GCC_WARN_64_TO_32_BIT_CONVERSION = YES;
				GCC_WARN_ABOUT_RETURN_TYPE = YES_ERROR;
				GCC_WARN_UNDECLARED_SELECTOR = YES;
				GCC_WARN_UNINITIALIZED_AUTOS = YES;
				GCC_WARN_UNUSED_FUNCTION = YES;
				GCC_WARN_UNUSED_VARIABLE = YES;
				IPHONEOS_DEPLOYMENT_TARGET = 7.0;
				SDKROOT = iphoneos;
				VALIDATE_PRODUCT = YES;
			};
			name = Release;
		};
		98C7499C18A745B1000A4CAF /* Debug */ = {
			isa = XCBuildConfiguration;
			buildSettings = {
				ASSETCATALOG_COMPILER_APPICON_NAME = AppIcon;
				ASSETCATALOG_COMPILER_LAUNCHIMAGE_NAME = LaunchImage;
				FRAMEWORK_SEARCH_PATHS = (
					"$(inherited)",
					/Users/mrosales/Documents/FacebookSDK,
				);
				GCC_PRECOMPILE_PREFIX_HEADER = YES;
				GCC_PREFIX_HEADER = "Lifemax/Lifemax-Prefix.pch";
				INFOPLIST_FILE = "Lifemax/Lifemax-Info.plist";
				PRODUCT_NAME = "$(TARGET_NAME)";
				WRAPPER_EXTENSION = app;
			};
			name = Debug;
		};
		98C7499D18A745B1000A4CAF /* Release */ = {
			isa = XCBuildConfiguration;
			buildSettings = {
				ASSETCATALOG_COMPILER_APPICON_NAME = AppIcon;
				ASSETCATALOG_COMPILER_LAUNCHIMAGE_NAME = LaunchImage;
				FRAMEWORK_SEARCH_PATHS = (
					"$(inherited)",
					/Users/mrosales/Documents/FacebookSDK,
				);
				GCC_PRECOMPILE_PREFIX_HEADER = YES;
				GCC_PREFIX_HEADER = "Lifemax/Lifemax-Prefix.pch";
				INFOPLIST_FILE = "Lifemax/Lifemax-Info.plist";
				PRODUCT_NAME = "$(TARGET_NAME)";
				WRAPPER_EXTENSION = app;
			};
			name = Release;
		};
		98C7499F18A745B1000A4CAF /* Debug */ = {
			isa = XCBuildConfiguration;
			buildSettings = {
				ARCHS = "$(ARCHS_STANDARD_INCLUDING_64_BIT)";
				BUNDLE_LOADER = "$(BUILT_PRODUCTS_DIR)/Lifemax.app/Lifemax";
				FRAMEWORK_SEARCH_PATHS = (
					"$(SDKROOT)/Developer/Library/Frameworks",
					"$(inherited)",
					"$(DEVELOPER_FRAMEWORKS_DIR)",
				);
				GCC_PRECOMPILE_PREFIX_HEADER = YES;
				GCC_PREFIX_HEADER = "Lifemax/Lifemax-Prefix.pch";
				GCC_PREPROCESSOR_DEFINITIONS = (
					"DEBUG=1",
					"$(inherited)",
				);
				INFOPLIST_FILE = "LifemaxTests/LifemaxTests-Info.plist";
				PRODUCT_NAME = "$(TARGET_NAME)";
				TEST_HOST = "$(BUNDLE_LOADER)";
				WRAPPER_EXTENSION = xctest;
			};
			name = Debug;
		};
		98C749A018A745B1000A4CAF /* Release */ = {
			isa = XCBuildConfiguration;
			buildSettings = {
				ARCHS = "$(ARCHS_STANDARD_INCLUDING_64_BIT)";
				BUNDLE_LOADER = "$(BUILT_PRODUCTS_DIR)/Lifemax.app/Lifemax";
				FRAMEWORK_SEARCH_PATHS = (
					"$(SDKROOT)/Developer/Library/Frameworks",
					"$(inherited)",
					"$(DEVELOPER_FRAMEWORKS_DIR)",
				);
				GCC_PRECOMPILE_PREFIX_HEADER = YES;
				GCC_PREFIX_HEADER = "Lifemax/Lifemax-Prefix.pch";
				INFOPLIST_FILE = "LifemaxTests/LifemaxTests-Info.plist";
				PRODUCT_NAME = "$(TARGET_NAME)";
				TEST_HOST = "$(BUNDLE_LOADER)";
				WRAPPER_EXTENSION = xctest;
			};
			name = Release;
		};
/* End XCBuildConfiguration section */

/* Begin XCConfigurationList section */
		98C7496418A745B1000A4CAF /* Build configuration list for PBXProject "Lifemax" */ = {
			isa = XCConfigurationList;
			buildConfigurations = (
				98C7499918A745B1000A4CAF /* Debug */,
				98C7499A18A745B1000A4CAF /* Release */,
			);
			defaultConfigurationIsVisible = 0;
			defaultConfigurationName = Release;
		};
		98C7499B18A745B1000A4CAF /* Build configuration list for PBXNativeTarget "Lifemax" */ = {
			isa = XCConfigurationList;
			buildConfigurations = (
				98C7499C18A745B1000A4CAF /* Debug */,
				98C7499D18A745B1000A4CAF /* Release */,
			);
			defaultConfigurationIsVisible = 0;
			defaultConfigurationName = Release;
		};
		98C7499E18A745B1000A4CAF /* Build configuration list for PBXNativeTarget "LifemaxTests" */ = {
			isa = XCConfigurationList;
			buildConfigurations = (
				98C7499F18A745B1000A4CAF /* Debug */,
				98C749A018A745B1000A4CAF /* Release */,
			);
			defaultConfigurationIsVisible = 0;
			defaultConfigurationName = Release;
		};
/* End XCConfigurationList section */
	};
	rootObject = 98C7496118A745B1000A4CAF /* Project object */;
}
