// !$*UTF8*$!
{
	archiveVersion = 1;
	classes = {
	};
	objectVersion = 46;
	objects = {

/* Begin PBXBuildFile section */
		629A2DEA4A4A4BD7A0029525 /* libPods.a in Frameworks */ = {isa = PBXBuildFile; fileRef = 084D2420A83842369CBAA41A /* libPods.a */; };
		9800F1C018B5E3FE00AFCD63 /* Podfile in Resources */ = {isa = PBXBuildFile; fileRef = 9800F1BF18B5E3FE00AFCD63 /* Podfile */; };
		981B73C518B42A2A0040D4A0 /* GoogleOAuth.m in Sources */ = {isa = PBXBuildFile; fileRef = 981B73C418B42A290040D4A0 /* GoogleOAuth.m */; };
		983A92FC18B7BD6C00B02E2C /* NSString+MD5.m in Sources */ = {isa = PBXBuildFile; fileRef = 983A92FB18B7BD6C00B02E2C /* NSString+MD5.m */; };
		984676E118B9B50A0021E439 /* CoreData.framework in Frameworks */ = {isa = PBXBuildFile; fileRef = 984676E018B9B50A0021E439 /* CoreData.framework */; };
		9847F3A118D3D7C70091A578 /* WebViewController.m in Sources */ = {isa = PBXBuildFile; fileRef = 9847F3A018D3D7C70091A578 /* WebViewController.m */; };
		9847F3A318D410500091A578 /* about_lifemax.html in Resources */ = {isa = PBXBuildFile; fileRef = 9847F3A218D410500091A578 /* about_lifemax.html */; };
		9847F3A618D515A10091A578 /* EditDescriptionCell.m in Sources */ = {isa = PBXBuildFile; fileRef = 9847F3A518D515A10091A578 /* EditDescriptionCell.m */; };
		9852B61418B40BC500CE1CFC /* StoryViewController.m in Sources */ = {isa = PBXBuildFile; fileRef = 9852B61318B40BC500CE1CFC /* StoryViewController.m */; };
		9874FD7F18A74CEC006F64D3 /* QuartzCore.framework in Frameworks */ = {isa = PBXBuildFile; fileRef = 9874FD7E18A74CEC006F64D3 /* QuartzCore.framework */; };
		9876A6CC18BC580100021A06 /* LMRestKitManager.m in Sources */ = {isa = PBXBuildFile; fileRef = 9876A6CB18BC580100021A06 /* LMRestKitManager.m */; };
		9876A6CF18BC596400021A06 /* LifemaxCoreData.xcdatamodeld in Sources */ = {isa = PBXBuildFile; fileRef = 9876A6CD18BC596400021A06 /* LifemaxCoreData.xcdatamodeld */; };
		989CE3E618B926660079ECA7 /* LMHelpViewController.m in Sources */ = {isa = PBXBuildFile; fileRef = 989CE3E518B926660079ECA7 /* LMHelpViewController.m */; };
		989CE3EE18B92B020079ECA7 /* EditTaskViewController.m in Sources */ = {isa = PBXBuildFile; fileRef = 989CE3ED18B92B020079ECA7 /* EditTaskViewController.m */; };
		989CE3F118B9364F0079ECA7 /* HashtagSelector.m in Sources */ = {isa = PBXBuildFile; fileRef = 989CE3F018B9364F0079ECA7 /* HashtagSelector.m */; };
		989CE3F318B93AE00079ECA7 /* HashtagSelector.xib in Resources */ = {isa = PBXBuildFile; fileRef = 989CE3F218B93AE00079ECA7 /* HashtagSelector.xib */; };
		989CE3F618B94C490079ECA7 /* EditFieldCell.m in Sources */ = {isa = PBXBuildFile; fileRef = 989CE3F518B94C490079ECA7 /* EditFieldCell.m */; };
		98A269A218C40C6E0053D20B /* UIAlertView+NSCookbook.m in Sources */ = {isa = PBXBuildFile; fileRef = 98A269A118C40C6E0053D20B /* UIAlertView+NSCookbook.m */; };
		98B4F0FA18D78CF2002943D9 /* User.m in Sources */ = {isa = PBXBuildFile; fileRef = 98B4F0F918D78CF2002943D9 /* User.m */; };
		98B62E7D18B5E8D500872BDE /* RKTest.m in Sources */ = {isa = PBXBuildFile; fileRef = 98B62E7C18B5E8D500872BDE /* RKTest.m */; };
		98C7496D18A745B1000A4CAF /* Foundation.framework in Frameworks */ = {isa = PBXBuildFile; fileRef = 98C7496C18A745B1000A4CAF /* Foundation.framework */; };
		98C7496F18A745B1000A4CAF /* CoreGraphics.framework in Frameworks */ = {isa = PBXBuildFile; fileRef = 98C7496E18A745B1000A4CAF /* CoreGraphics.framework */; };
		98C7497118A745B1000A4CAF /* UIKit.framework in Frameworks */ = {isa = PBXBuildFile; fileRef = 98C7497018A745B1000A4CAF /* UIKit.framework */; };
		98C7497718A745B1000A4CAF /* InfoPlist.strings in Resources */ = {isa = PBXBuildFile; fileRef = 98C7497518A745B1000A4CAF /* InfoPlist.strings */; };
		98C7497918A745B1000A4CAF /* main.m in Sources */ = {isa = PBXBuildFile; fileRef = 98C7497818A745B1000A4CAF /* main.m */; };
		98C7497D18A745B1000A4CAF /* AppDelegate.m in Sources */ = {isa = PBXBuildFile; fileRef = 98C7497C18A745B1000A4CAF /* AppDelegate.m */; };
		98C7498018A745B1000A4CAF /* Main.storyboard in Resources */ = {isa = PBXBuildFile; fileRef = 98C7497E18A745B1000A4CAF /* Main.storyboard */; };
		98C7498518A745B1000A4CAF /* Images.xcassets in Resources */ = {isa = PBXBuildFile; fileRef = 98C7498418A745B1000A4CAF /* Images.xcassets */; };
		98C7498C18A745B1000A4CAF /* XCTest.framework in Frameworks */ = {isa = PBXBuildFile; fileRef = 98C7498B18A745B1000A4CAF /* XCTest.framework */; };
		98C7498D18A745B1000A4CAF /* Foundation.framework in Frameworks */ = {isa = PBXBuildFile; fileRef = 98C7496C18A745B1000A4CAF /* Foundation.framework */; };
		98C7498E18A745B1000A4CAF /* UIKit.framework in Frameworks */ = {isa = PBXBuildFile; fileRef = 98C7497018A745B1000A4CAF /* UIKit.framework */; };
		98C7499618A745B1000A4CAF /* InfoPlist.strings in Resources */ = {isa = PBXBuildFile; fileRef = 98C7499418A745B1000A4CAF /* InfoPlist.strings */; };
		98C7499818A745B1000A4CAF /* LifemaxTests.m in Sources */ = {isa = PBXBuildFile; fileRef = 98C7499718A745B1000A4CAF /* LifemaxTests.m */; };
		98C749A418A7495B000A4CAF /* SWRevealViewController.m in Sources */ = {isa = PBXBuildFile; fileRef = 98C749A318A7495B000A4CAF /* SWRevealViewController.m */; };
		98C749A918A74AFB000A4CAF /* MenuViewController.m in Sources */ = {isa = PBXBuildFile; fileRef = 98C749A618A74AFB000A4CAF /* MenuViewController.m */; };
		98D2A8EB18C0498300FF5AD3 /* Task.m in Sources */ = {isa = PBXBuildFile; fileRef = 98D2A8EA18C0498300FF5AD3 /* Task.m */; };
		98D951BB18A877F700333D4D /* CameraCheckbox.m in Sources */ = {isa = PBXBuildFile; fileRef = 98D951BA18A877F700333D4D /* CameraCheckbox.m */; };
		98D951C418A88D7700333D4D /* FeedUserTaskCell.m in Sources */ = {isa = PBXBuildFile; fileRef = 98D951C318A88D7700333D4D /* FeedUserTaskCell.m */; };
		98D951C718A8902A00333D4D /* NewsFeedViewController.m in Sources */ = {isa = PBXBuildFile; fileRef = 98D951C618A8902A00333D4D /* NewsFeedViewController.m */; };
		98DC9FC118B28A0A004747B5 /* SettingsViewController.m in Sources */ = {isa = PBXBuildFile; fileRef = 98DC9FC018B28A0A004747B5 /* SettingsViewController.m */; };
		98DF58A418A8207E00AC2BE0 /* LifeListFilter.m in Sources */ = {isa = PBXBuildFile; fileRef = 98DF58A318A8207E00AC2BE0 /* LifeListFilter.m */; };
		98DF58A718A83E9000AC2BE0 /* GoogleSyncViewController.m in Sources */ = {isa = PBXBuildFile; fileRef = 98DF58A618A83E9000AC2BE0 /* GoogleSyncViewController.m */; };
		98DF58AB18A85BAF00AC2BE0 /* TaskCell.m in Sources */ = {isa = PBXBuildFile; fileRef = 98DF58AA18A85BAF00AC2BE0 /* TaskCell.m */; };
		98FB50A918A7FCC800C916BC /* LifeListViewController.m in Sources */ = {isa = PBXBuildFile; fileRef = 98FB50A818A7FCC800C916BC /* LifeListViewController.m */; };
		98FB50AF18A8044200C916BC /* FacebookSDK.framework in Frameworks */ = {isa = PBXBuildFile; fileRef = 98FB50AE18A8044200C916BC /* FacebookSDK.framework */; };
		98FB50B218A80D0900C916BC /* LoginViewController.m in Sources */ = {isa = PBXBuildFile; fileRef = 98FB50B118A80D0900C916BC /* LoginViewController.m */; };
/* End PBXBuildFile section */

/* Begin PBXContainerItemProxy section */
		98C7498F18A745B1000A4CAF /* PBXContainerItemProxy */ = {
			isa = PBXContainerItemProxy;
			containerPortal = 98C7496118A745B1000A4CAF /* Project object */;
			proxyType = 1;
			remoteGlobalIDString = 98C7496818A745B1000A4CAF;
			remoteInfo = Lifemax;
		};
/* End PBXContainerItemProxy section */

/* Begin PBXFileReference section */
		084D2420A83842369CBAA41A /* libPods.a */ = {isa = PBXFileReference; explicitFileType = archive.ar; includeInIndex = 0; path = libPods.a; sourceTree = BUILT_PRODUCTS_DIR; };
		1D474FF43FB44D7DBDF8170B /* Pods.xcconfig */ = {isa = PBXFileReference; includeInIndex = 1; lastKnownFileType = text.xcconfig; name = Pods.xcconfig; path = Pods/Pods.xcconfig; sourceTree = "<group>"; };
		9800F1BF18B5E3FE00AFCD63 /* Podfile */ = {isa = PBXFileReference; fileEncoding = 4; lastKnownFileType = text; name = Podfile; path = ../Podfile; sourceTree = "<group>"; xcLanguageSpecificationIdentifier = xcode.lang.ruby; };
		981B73C318B42A290040D4A0 /* GoogleOAuth.h */ = {isa = PBXFileReference; fileEncoding = 4; lastKnownFileType = sourcecode.c.h; path = GoogleOAuth.h; sourceTree = "<group>"; };
		981B73C418B42A290040D4A0 /* GoogleOAuth.m */ = {isa = PBXFileReference; fileEncoding = 4; lastKnownFileType = sourcecode.c.objc; path = GoogleOAuth.m; sourceTree = "<group>"; };
		983A92FA18B7BD6C00B02E2C /* NSString+MD5.h */ = {isa = PBXFileReference; fileEncoding = 4; lastKnownFileType = sourcecode.c.h; path = "NSString+MD5.h"; sourceTree = "<group>"; };
		983A92FB18B7BD6C00B02E2C /* NSString+MD5.m */ = {isa = PBXFileReference; fileEncoding = 4; lastKnownFileType = sourcecode.c.objc; path = "NSString+MD5.m"; sourceTree = "<group>"; };
		984676DF18B971E10021E439 /* LifemaxHeaders.h */ = {isa = PBXFileReference; lastKnownFileType = sourcecode.c.h; path = LifemaxHeaders.h; sourceTree = "<group>"; };
		984676E018B9B50A0021E439 /* CoreData.framework */ = {isa = PBXFileReference; lastKnownFileType = wrapper.framework; name = CoreData.framework; path = System/Library/Frameworks/CoreData.framework; sourceTree = SDKROOT; };
		9847F39F18D3D7C70091A578 /* WebViewController.h */ = {isa = PBXFileReference; fileEncoding = 4; lastKnownFileType = sourcecode.c.h; path = WebViewController.h; sourceTree = "<group>"; };
		9847F3A018D3D7C70091A578 /* WebViewController.m */ = {isa = PBXFileReference; fileEncoding = 4; lastKnownFileType = sourcecode.c.objc; path = WebViewController.m; sourceTree = "<group>"; };
		9847F3A218D410500091A578 /* about_lifemax.html */ = {isa = PBXFileReference; fileEncoding = 4; lastKnownFileType = text.html; path = about_lifemax.html; sourceTree = "<group>"; };
		9847F3A418D515A10091A578 /* EditDescriptionCell.h */ = {isa = PBXFileReference; fileEncoding = 4; lastKnownFileType = sourcecode.c.h; path = EditDescriptionCell.h; sourceTree = "<group>"; };
		9847F3A518D515A10091A578 /* EditDescriptionCell.m */ = {isa = PBXFileReference; fileEncoding = 4; lastKnownFileType = sourcecode.c.objc; path = EditDescriptionCell.m; sourceTree = "<group>"; };
		9852B61218B40BC500CE1CFC /* StoryViewController.h */ = {isa = PBXFileReference; fileEncoding = 4; lastKnownFileType = sourcecode.c.h; path = StoryViewController.h; sourceTree = "<group>"; };
		9852B61318B40BC500CE1CFC /* StoryViewController.m */ = {isa = PBXFileReference; fileEncoding = 4; lastKnownFileType = sourcecode.c.objc; path = StoryViewController.m; sourceTree = "<group>"; };
		9874FD7E18A74CEC006F64D3 /* QuartzCore.framework */ = {isa = PBXFileReference; lastKnownFileType = wrapper.framework; name = QuartzCore.framework; path = System/Library/Frameworks/QuartzCore.framework; sourceTree = SDKROOT; };
		9874FD8018A74D04006F64D3 /* MapKit.framework */ = {isa = PBXFileReference; lastKnownFileType = wrapper.framework; name = MapKit.framework; path = System/Library/Frameworks/MapKit.framework; sourceTree = SDKROOT; };
		9876A6CA18BC580100021A06 /* LMRestKitManager.h */ = {isa = PBXFileReference; fileEncoding = 4; lastKnownFileType = sourcecode.c.h; path = LMRestKitManager.h; sourceTree = "<group>"; };
		9876A6CB18BC580100021A06 /* LMRestKitManager.m */ = {isa = PBXFileReference; fileEncoding = 4; lastKnownFileType = sourcecode.c.objc; path = LMRestKitManager.m; sourceTree = "<group>"; };
		9876A6CE18BC596400021A06 /* LifemaxCoreData.xcdatamodel */ = {isa = PBXFileReference; lastKnownFileType = wrapper.xcdatamodel; path = LifemaxCoreData.xcdatamodel; sourceTree = "<group>"; };
		989CE3E418B926660079ECA7 /* LMHelpViewController.h */ = {isa = PBXFileReference; fileEncoding = 4; lastKnownFileType = sourcecode.c.h; path = LMHelpViewController.h; sourceTree = "<group>"; };
		989CE3E518B926660079ECA7 /* LMHelpViewController.m */ = {isa = PBXFileReference; fileEncoding = 4; lastKnownFileType = sourcecode.c.objc; path = LMHelpViewController.m; sourceTree = "<group>"; };
		989CE3EC18B92B020079ECA7 /* EditTaskViewController.h */ = {isa = PBXFileReference; fileEncoding = 4; lastKnownFileType = sourcecode.c.h; path = EditTaskViewController.h; sourceTree = "<group>"; };
		989CE3ED18B92B020079ECA7 /* EditTaskViewController.m */ = {isa = PBXFileReference; fileEncoding = 4; lastKnownFileType = sourcecode.c.objc; path = EditTaskViewController.m; sourceTree = "<group>"; };
		989CE3EF18B9364F0079ECA7 /* HashtagSelector.h */ = {isa = PBXFileReference; fileEncoding = 4; lastKnownFileType = sourcecode.c.h; path = HashtagSelector.h; sourceTree = "<group>"; };
		989CE3F018B9364F0079ECA7 /* HashtagSelector.m */ = {isa = PBXFileReference; fileEncoding = 4; lastKnownFileType = sourcecode.c.objc; path = HashtagSelector.m; sourceTree = "<group>"; };
		989CE3F218B93AE00079ECA7 /* HashtagSelector.xib */ = {isa = PBXFileReference; fileEncoding = 4; lastKnownFileType = file.xib; path = HashtagSelector.xib; sourceTree = "<group>"; };
		989CE3F418B94C490079ECA7 /* EditFieldCell.h */ = {isa = PBXFileReference; fileEncoding = 4; lastKnownFileType = sourcecode.c.h; path = EditFieldCell.h; sourceTree = "<group>"; };
		989CE3F518B94C490079ECA7 /* EditFieldCell.m */ = {isa = PBXFileReference; fileEncoding = 4; lastKnownFileType = sourcecode.c.objc; path = EditFieldCell.m; sourceTree = "<group>"; };
		98A269A018C40C6E0053D20B /* UIAlertView+NSCookbook.h */ = {isa = PBXFileReference; fileEncoding = 4; lastKnownFileType = sourcecode.c.h; path = "UIAlertView+NSCookbook.h"; sourceTree = "<group>"; };
		98A269A118C40C6E0053D20B /* UIAlertView+NSCookbook.m */ = {isa = PBXFileReference; fileEncoding = 4; lastKnownFileType = sourcecode.c.objc; path = "UIAlertView+NSCookbook.m"; sourceTree = "<group>"; };
		98B4F0F818D78CF2002943D9 /* User.h */ = {isa = PBXFileReference; fileEncoding = 4; lastKnownFileType = sourcecode.c.h; path = User.h; sourceTree = "<group>"; };
		98B4F0F918D78CF2002943D9 /* User.m */ = {isa = PBXFileReference; fileEncoding = 4; lastKnownFileType = sourcecode.c.objc; path = User.m; sourceTree = "<group>"; };
		98B62E7B18B5E8D500872BDE /* RKTest.h */ = {isa = PBXFileReference; fileEncoding = 4; lastKnownFileType = sourcecode.c.h; path = RKTest.h; sourceTree = "<group>"; };
		98B62E7C18B5E8D500872BDE /* RKTest.m */ = {isa = PBXFileReference; fileEncoding = 4; lastKnownFileType = sourcecode.c.objc; path = RKTest.m; sourceTree = "<group>"; };
		98C7496918A745B1000A4CAF /* Lifemax.app */ = {isa = PBXFileReference; explicitFileType = wrapper.application; includeInIndex = 0; path = Lifemax.app; sourceTree = BUILT_PRODUCTS_DIR; };
		98C7496C18A745B1000A4CAF /* Foundation.framework */ = {isa = PBXFileReference; lastKnownFileType = wrapper.framework; name = Foundation.framework; path = System/Library/Frameworks/Foundation.framework; sourceTree = SDKROOT; };
		98C7496E18A745B1000A4CAF /* CoreGraphics.framework */ = {isa = PBXFileReference; lastKnownFileType = wrapper.framework; name = CoreGraphics.framework; path = System/Library/Frameworks/CoreGraphics.framework; sourceTree = SDKROOT; };
		98C7497018A745B1000A4CAF /* UIKit.framework */ = {isa = PBXFileReference; lastKnownFileType = wrapper.framework; name = UIKit.framework; path = System/Library/Frameworks/UIKit.framework; sourceTree = SDKROOT; };
		98C7497418A745B1000A4CAF /* Lifemax-Info.plist */ = {isa = PBXFileReference; lastKnownFileType = text.plist.xml; path = "Lifemax-Info.plist"; sourceTree = "<group>"; };
		98C7497618A745B1000A4CAF /* en */ = {isa = PBXFileReference; lastKnownFileType = text.plist.strings; name = en; path = en.lproj/InfoPlist.strings; sourceTree = "<group>"; };
		98C7497818A745B1000A4CAF /* main.m */ = {isa = PBXFileReference; lastKnownFileType = sourcecode.c.objc; path = main.m; sourceTree = "<group>"; };
		98C7497A18A745B1000A4CAF /* Lifemax-Prefix.pch */ = {isa = PBXFileReference; lastKnownFileType = sourcecode.c.h; path = "Lifemax-Prefix.pch"; sourceTree = "<group>"; };
		98C7497B18A745B1000A4CAF /* AppDelegate.h */ = {isa = PBXFileReference; lastKnownFileType = sourcecode.c.h; path = AppDelegate.h; sourceTree = "<group>"; };
		98C7497C18A745B1000A4CAF /* AppDelegate.m */ = {isa = PBXFileReference; lastKnownFileType = sourcecode.c.objc; path = AppDelegate.m; sourceTree = "<group>"; };
		98C7497F18A745B1000A4CAF /* Base */ = {isa = PBXFileReference; lastKnownFileType = file.storyboard; name = Base; path = Base.lproj/Main.storyboard; sourceTree = "<group>"; };
		98C7498418A745B1000A4CAF /* Images.xcassets */ = {isa = PBXFileReference; lastKnownFileType = folder.assetcatalog; path = Images.xcassets; sourceTree = "<group>"; };
		98C7498A18A745B1000A4CAF /* LifemaxTests.xctest */ = {isa = PBXFileReference; explicitFileType = wrapper.cfbundle; includeInIndex = 0; path = LifemaxTests.xctest; sourceTree = BUILT_PRODUCTS_DIR; };
		98C7498B18A745B1000A4CAF /* XCTest.framework */ = {isa = PBXFileReference; lastKnownFileType = wrapper.framework; name = XCTest.framework; path = Library/Frameworks/XCTest.framework; sourceTree = DEVELOPER_DIR; };
		98C7499318A745B1000A4CAF /* LifemaxTests-Info.plist */ = {isa = PBXFileReference; lastKnownFileType = text.plist.xml; path = "LifemaxTests-Info.plist"; sourceTree = "<group>"; };
		98C7499518A745B1000A4CAF /* en */ = {isa = PBXFileReference; lastKnownFileType = text.plist.strings; name = en; path = en.lproj/InfoPlist.strings; sourceTree = "<group>"; };
		98C7499718A745B1000A4CAF /* LifemaxTests.m */ = {isa = PBXFileReference; lastKnownFileType = sourcecode.c.objc; path = LifemaxTests.m; sourceTree = "<group>"; };
		98C749A218A7495B000A4CAF /* SWRevealViewController.h */ = {isa = PBXFileReference; fileEncoding = 4; lastKnownFileType = sourcecode.c.h; path = SWRevealViewController.h; sourceTree = "<group>"; };
		98C749A318A7495B000A4CAF /* SWRevealViewController.m */ = {isa = PBXFileReference; fileEncoding = 4; lastKnownFileType = sourcecode.c.objc; path = SWRevealViewController.m; sourceTree = "<group>"; };
		98C749A518A74AFB000A4CAF /* MenuViewController.h */ = {isa = PBXFileReference; fileEncoding = 4; lastKnownFileType = sourcecode.c.h; path = MenuViewController.h; sourceTree = "<group>"; };
		98C749A618A74AFB000A4CAF /* MenuViewController.m */ = {isa = PBXFileReference; fileEncoding = 4; lastKnownFileType = sourcecode.c.objc; path = MenuViewController.m; sourceTree = "<group>"; };
		98D2A8E918C0498300FF5AD3 /* Task.h */ = {isa = PBXFileReference; fileEncoding = 4; lastKnownFileType = sourcecode.c.h; path = Task.h; sourceTree = "<group>"; };
		98D2A8EA18C0498300FF5AD3 /* Task.m */ = {isa = PBXFileReference; fileEncoding = 4; lastKnownFileType = sourcecode.c.objc; path = Task.m; sourceTree = "<group>"; };
		98D951B918A877F700333D4D /* CameraCheckbox.h */ = {isa = PBXFileReference; fileEncoding = 4; lastKnownFileType = sourcecode.c.h; path = CameraCheckbox.h; sourceTree = "<group>"; };
		98D951BA18A877F700333D4D /* CameraCheckbox.m */ = {isa = PBXFileReference; fileEncoding = 4; lastKnownFileType = sourcecode.c.objc; path = CameraCheckbox.m; sourceTree = "<group>"; };
		98D951C218A88D7700333D4D /* FeedUserTaskCell.h */ = {isa = PBXFileReference; fileEncoding = 4; lastKnownFileType = sourcecode.c.h; path = FeedUserTaskCell.h; sourceTree = "<group>"; };
		98D951C318A88D7700333D4D /* FeedUserTaskCell.m */ = {isa = PBXFileReference; fileEncoding = 4; lastKnownFileType = sourcecode.c.objc; path = FeedUserTaskCell.m; sourceTree = "<group>"; };
		98D951C518A8902A00333D4D /* NewsFeedViewController.h */ = {isa = PBXFileReference; fileEncoding = 4; lastKnownFileType = sourcecode.c.h; path = NewsFeedViewController.h; sourceTree = "<group>"; };
		98D951C618A8902A00333D4D /* NewsFeedViewController.m */ = {isa = PBXFileReference; fileEncoding = 4; lastKnownFileType = sourcecode.c.objc; path = NewsFeedViewController.m; sourceTree = "<group>"; };
		98DC9FBF18B28A0A004747B5 /* SettingsViewController.h */ = {isa = PBXFileReference; fileEncoding = 4; lastKnownFileType = sourcecode.c.h; path = SettingsViewController.h; sourceTree = "<group>"; };
		98DC9FC018B28A0A004747B5 /* SettingsViewController.m */ = {isa = PBXFileReference; fileEncoding = 4; lastKnownFileType = sourcecode.c.objc; path = SettingsViewController.m; sourceTree = "<group>"; };
		98DF58A218A8207E00AC2BE0 /* LifeListFilter.h */ = {isa = PBXFileReference; fileEncoding = 4; lastKnownFileType = sourcecode.c.h; path = LifeListFilter.h; sourceTree = "<group>"; };
		98DF58A318A8207E00AC2BE0 /* LifeListFilter.m */ = {isa = PBXFileReference; fileEncoding = 4; lastKnownFileType = sourcecode.c.objc; path = LifeListFilter.m; sourceTree = "<group>"; };
		98DF58A518A83E9000AC2BE0 /* GoogleSyncViewController.h */ = {isa = PBXFileReference; fileEncoding = 4; lastKnownFileType = sourcecode.c.h; path = GoogleSyncViewController.h; sourceTree = "<group>"; };
		98DF58A618A83E9000AC2BE0 /* GoogleSyncViewController.m */ = {isa = PBXFileReference; fileEncoding = 4; lastKnownFileType = sourcecode.c.objc; path = GoogleSyncViewController.m; sourceTree = "<group>"; };
		98DF58A918A85BAF00AC2BE0 /* TaskCell.h */ = {isa = PBXFileReference; fileEncoding = 4; lastKnownFileType = sourcecode.c.h; path = TaskCell.h; sourceTree = "<group>"; };
		98DF58AA18A85BAF00AC2BE0 /* TaskCell.m */ = {isa = PBXFileReference; fileEncoding = 4; lastKnownFileType = sourcecode.c.objc; path = TaskCell.m; sourceTree = "<group>"; };
		98FB50A718A7FCC800C916BC /* LifeListViewController.h */ = {isa = PBXFileReference; fileEncoding = 4; lastKnownFileType = sourcecode.c.h; path = LifeListViewController.h; sourceTree = "<group>"; };
		98FB50A818A7FCC800C916BC /* LifeListViewController.m */ = {isa = PBXFileReference; fileEncoding = 4; lastKnownFileType = sourcecode.c.objc; path = LifeListViewController.m; sourceTree = "<group>"; };
		98FB50AE18A8044200C916BC /* FacebookSDK.framework */ = {isa = PBXFileReference; lastKnownFileType = wrapper.framework; name = FacebookSDK.framework; path = ../../../Documents/FacebookSDK/FacebookSDK.framework; sourceTree = "<group>"; };
		98FB50B018A80D0900C916BC /* LoginViewController.h */ = {isa = PBXFileReference; fileEncoding = 4; lastKnownFileType = sourcecode.c.h; path = LoginViewController.h; sourceTree = "<group>"; };
		98FB50B118A80D0900C916BC /* LoginViewController.m */ = {isa = PBXFileReference; fileEncoding = 4; lastKnownFileType = sourcecode.c.objc; path = LoginViewController.m; sourceTree = "<group>"; };
/* End PBXFileReference section */

/* Begin PBXFrameworksBuildPhase section */
		98C7496618A745B1000A4CAF /* Frameworks */ = {
			isa = PBXFrameworksBuildPhase;
			buildActionMask = 2147483647;
			files = (
				984676E118B9B50A0021E439 /* CoreData.framework in Frameworks */,
				9874FD7F18A74CEC006F64D3 /* QuartzCore.framework in Frameworks */,
				98FB50AF18A8044200C916BC /* FacebookSDK.framework in Frameworks */,
				98C7496F18A745B1000A4CAF /* CoreGraphics.framework in Frameworks */,
				98C7497118A745B1000A4CAF /* UIKit.framework in Frameworks */,
				98C7496D18A745B1000A4CAF /* Foundation.framework in Frameworks */,
				629A2DEA4A4A4BD7A0029525 /* libPods.a in Frameworks */,
			);
			runOnlyForDeploymentPostprocessing = 0;
		};
		98C7498718A745B1000A4CAF /* Frameworks */ = {
			isa = PBXFrameworksBuildPhase;
			buildActionMask = 2147483647;
			files = (
				98C7498C18A745B1000A4CAF /* XCTest.framework in Frameworks */,
				98C7498E18A745B1000A4CAF /* UIKit.framework in Frameworks */,
				98C7498D18A745B1000A4CAF /* Foundation.framework in Frameworks */,
			);
			runOnlyForDeploymentPostprocessing = 0;
		};
/* End PBXFrameworksBuildPhase section */

/* Begin PBXGroup section */
		983A92F918B7BD2900B02E2C /* Helper Classes */ = {
			isa = PBXGroup;
			children = (
				9876A6CA18BC580100021A06 /* LMRestKitManager.h */,
				9876A6CB18BC580100021A06 /* LMRestKitManager.m */,
				983A92FA18B7BD6C00B02E2C /* NSString+MD5.h */,
				983A92FB18B7BD6C00B02E2C /* NSString+MD5.m */,
				984676DF18B971E10021E439 /* LifemaxHeaders.h */,
			);
			path = "Helper Classes";
			sourceTree = "<group>";
		};
		989CE3E718B9266C0079ECA7 /* Settings */ = {
			isa = PBXGroup;
			children = (
				98DC9FBF18B28A0A004747B5 /* SettingsViewController.h */,
				98DC9FC018B28A0A004747B5 /* SettingsViewController.m */,
				989CE3E418B926660079ECA7 /* LMHelpViewController.h */,
				989CE3E518B926660079ECA7 /* LMHelpViewController.m */,
			);
			name = Settings;
			sourceTree = "<group>";
		};
		989CE3E818B926800079ECA7 /* Auxilliary */ = {
			isa = PBXGroup;
			children = (
				98FB50B018A80D0900C916BC /* LoginViewController.h */,
				98FB50B118A80D0900C916BC /* LoginViewController.m */,
			);
			name = Auxilliary;
			sourceTree = "<group>";
		};
		98B4F0FB18D78E32002943D9 /* Model Objects */ = {
			isa = PBXGroup;
			children = (
				98D2A8E918C0498300FF5AD3 /* Task.h */,
				98D2A8EA18C0498300FF5AD3 /* Task.m */,
				98B4F0F818D78CF2002943D9 /* User.h */,
				98B4F0F918D78CF2002943D9 /* User.m */,
			);
			name = "Model Objects";
			sourceTree = "<group>";
		};
		98C7496018A745B1000A4CAF = {
			isa = PBXGroup;
			children = (
				98C7497218A745B1000A4CAF /* Lifemax */,
				98C749A118A7495B000A4CAF /* SWRevealViewController */,
				98C7499118A745B1000A4CAF /* LifemaxTests */,
				98C7496B18A745B1000A4CAF /* Frameworks */,
				98C7496A18A745B1000A4CAF /* Products */,
				1D474FF43FB44D7DBDF8170B /* Pods.xcconfig */,
			);
			sourceTree = "<group>";
		};
		98C7496A18A745B1000A4CAF /* Products */ = {
			isa = PBXGroup;
			children = (
				98C7496918A745B1000A4CAF /* Lifemax.app */,
				98C7498A18A745B1000A4CAF /* LifemaxTests.xctest */,
			);
			name = Products;
			sourceTree = "<group>";
		};
		98C7496B18A745B1000A4CAF /* Frameworks */ = {
			isa = PBXGroup;
			children = (
				984676E018B9B50A0021E439 /* CoreData.framework */,
				98FB50AE18A8044200C916BC /* FacebookSDK.framework */,
				9874FD8018A74D04006F64D3 /* MapKit.framework */,
				9874FD7E18A74CEC006F64D3 /* QuartzCore.framework */,
				98C7496C18A745B1000A4CAF /* Foundation.framework */,
				98C7496E18A745B1000A4CAF /* CoreGraphics.framework */,
				98C7497018A745B1000A4CAF /* UIKit.framework */,
				98C7498B18A745B1000A4CAF /* XCTest.framework */,
				084D2420A83842369CBAA41A /* libPods.a */,
			);
			name = Frameworks;
			sourceTree = "<group>";
		};
		98C7497218A745B1000A4CAF /* Lifemax */ = {
			isa = PBXGroup;
			children = (
				98C7497B18A745B1000A4CAF /* AppDelegate.h */,
				98C7497C18A745B1000A4CAF /* AppDelegate.m */,
				98B62E7B18B5E8D500872BDE /* RKTest.h */,
				98B62E7C18B5E8D500872BDE /* RKTest.m */,
				98B4F0FB18D78E32002943D9 /* Model Objects */,
				983A92F918B7BD2900B02E2C /* Helper Classes */,
				98DF58A118A8204700AC2BE0 /* Views */,
				98FB50AA18A7FCDF00C916BC /* ViewControllers */,
				98A269A018C40C6E0053D20B /* UIAlertView+NSCookbook.h */,
				98A269A118C40C6E0053D20B /* UIAlertView+NSCookbook.m */,
				98C7497E18A745B1000A4CAF /* Main.storyboard */,
				9847F3A218D410500091A578 /* about_lifemax.html */,
				981B73C318B42A290040D4A0 /* GoogleOAuth.h */,
				981B73C418B42A290040D4A0 /* GoogleOAuth.m */,
				98C749A518A74AFB000A4CAF /* MenuViewController.h */,
				98C749A618A74AFB000A4CAF /* MenuViewController.m */,
				98C7498418A745B1000A4CAF /* Images.xcassets */,
				9876A6CD18BC596400021A06 /* LifemaxCoreData.xcdatamodeld */,
				98C7497318A745B1000A4CAF /* Supporting Files */,
			);
			path = Lifemax;
			sourceTree = "<group>";
		};
		98C7497318A745B1000A4CAF /* Supporting Files */ = {
			isa = PBXGroup;
			children = (
				9800F1BF18B5E3FE00AFCD63 /* Podfile */,
				98C7497418A745B1000A4CAF /* Lifemax-Info.plist */,
				98C7497518A745B1000A4CAF /* InfoPlist.strings */,
				98C7497818A745B1000A4CAF /* main.m */,
				98C7497A18A745B1000A4CAF /* Lifemax-Prefix.pch */,
			);
			name = "Supporting Files";
			sourceTree = "<group>";
		};
		98C7499118A745B1000A4CAF /* LifemaxTests */ = {
			isa = PBXGroup;
			children = (
				98C7499718A745B1000A4CAF /* LifemaxTests.m */,
				98C7499218A745B1000A4CAF /* Supporting Files */,
			);
			path = LifemaxTests;
			sourceTree = "<group>";
		};
		98C7499218A745B1000A4CAF /* Supporting Files */ = {
			isa = PBXGroup;
			children = (
				98C7499318A745B1000A4CAF /* LifemaxTests-Info.plist */,
				98C7499418A745B1000A4CAF /* InfoPlist.strings */,
			);
			name = "Supporting Files";
			sourceTree = "<group>";
		};
		98C749A118A7495B000A4CAF /* SWRevealViewController */ = {
			isa = PBXGroup;
			children = (
				98C749A218A7495B000A4CAF /* SWRevealViewController.h */,
				98C749A318A7495B000A4CAF /* SWRevealViewController.m */,
			);
			path = SWRevealViewController;
			sourceTree = "<group>";
		};
		98DF58A118A8204700AC2BE0 /* Views */ = {
			isa = PBXGroup;
			children = (
				98D951B918A877F700333D4D /* CameraCheckbox.h */,
				98D951BA18A877F700333D4D /* CameraCheckbox.m */,
				989CE3EF18B9364F0079ECA7 /* HashtagSelector.h */,
				989CE3F018B9364F0079ECA7 /* HashtagSelector.m */,
				989CE3F218B93AE00079ECA7 /* HashtagSelector.xib */,
				98DF58A818A85B9A00AC2BE0 /* TableViewCells */,
				98DF58A218A8207E00AC2BE0 /* LifeListFilter.h */,
				98DF58A318A8207E00AC2BE0 /* LifeListFilter.m */,
			);
			path = Views;
			sourceTree = "<group>";
		};
		98DF58A818A85B9A00AC2BE0 /* TableViewCells */ = {
			isa = PBXGroup;
			children = (
				98DF58A918A85BAF00AC2BE0 /* TaskCell.h */,
				98DF58AA18A85BAF00AC2BE0 /* TaskCell.m */,
				98D951C218A88D7700333D4D /* FeedUserTaskCell.h */,
				98D951C318A88D7700333D4D /* FeedUserTaskCell.m */,
				989CE3F418B94C490079ECA7 /* EditFieldCell.h */,
				989CE3F518B94C490079ECA7 /* EditFieldCell.m */,
				9847F3A418D515A10091A578 /* EditDescriptionCell.h */,
				9847F3A518D515A10091A578 /* EditDescriptionCell.m */,
			);
			name = TableViewCells;
			sourceTree = "<group>";
		};
		98FB50AA18A7FCDF00C916BC /* ViewControllers */ = {
			isa = PBXGroup;
			children = (
				98FB50A718A7FCC800C916BC /* LifeListViewController.h */,
				98FB50A818A7FCC800C916BC /* LifeListViewController.m */,
				98DF58A518A83E9000AC2BE0 /* GoogleSyncViewController.h */,
				98DF58A618A83E9000AC2BE0 /* GoogleSyncViewController.m */,
				98D951C518A8902A00333D4D /* NewsFeedViewController.h */,
				98D951C618A8902A00333D4D /* NewsFeedViewController.m */,
				9852B61218B40BC500CE1CFC /* StoryViewController.h */,
				9852B61318B40BC500CE1CFC /* StoryViewController.m */,
				989CE3EC18B92B020079ECA7 /* EditTaskViewController.h */,
				989CE3ED18B92B020079ECA7 /* EditTaskViewController.m */,
				9847F39F18D3D7C70091A578 /* WebViewController.h */,
				9847F3A018D3D7C70091A578 /* WebViewController.m */,
				989CE3E718B9266C0079ECA7 /* Settings */,
				989CE3E818B926800079ECA7 /* Auxilliary */,
			);
			path = ViewControllers;
			sourceTree = "<group>";
		};
/* End PBXGroup section */

/* Begin PBXNativeTarget section */
		98C7496818A745B1000A4CAF /* Lifemax */ = {
			isa = PBXNativeTarget;
			buildConfigurationList = 98C7499B18A745B1000A4CAF /* Build configuration list for PBXNativeTarget "Lifemax" */;
			buildPhases = (
				F1FD69D9756D41EB96440E76 /* Check Pods Manifest.lock */,
				98C7496518A745B1000A4CAF /* Sources */,
				98C7496618A745B1000A4CAF /* Frameworks */,
				98C7496718A745B1000A4CAF /* Resources */,
				6B75DBF7E10E4F7AB82FC3C1 /* Copy Pods Resources */,
				98EF8A3118D8452D000ECC3A /* ShellScript */,
			);
			buildRules = (
			);
			dependencies = (
			);
			name = Lifemax;
			productName = Lifemax;
			productReference = 98C7496918A745B1000A4CAF /* Lifemax.app */;
			productType = "com.apple.product-type.application";
		};
		98C7498918A745B1000A4CAF /* LifemaxTests */ = {
			isa = PBXNativeTarget;
			buildConfigurationList = 98C7499E18A745B1000A4CAF /* Build configuration list for PBXNativeTarget "LifemaxTests" */;
			buildPhases = (
				98C7498618A745B1000A4CAF /* Sources */,
				98C7498718A745B1000A4CAF /* Frameworks */,
				98C7498818A745B1000A4CAF /* Resources */,
			);
			buildRules = (
			);
			dependencies = (
				98C7499018A745B1000A4CAF /* PBXTargetDependency */,
			);
			name = LifemaxTests;
			productName = LifemaxTests;
			productReference = 98C7498A18A745B1000A4CAF /* LifemaxTests.xctest */;
			productType = "com.apple.product-type.bundle.unit-test";
		};
/* End PBXNativeTarget section */

/* Begin PBXProject section */
		98C7496118A745B1000A4CAF /* Project object */ = {
			isa = PBXProject;
			attributes = {
				LastUpgradeCheck = 0510;
				ORGANIZATIONNAME = YUCG;
				TargetAttributes = {
					98C7496818A745B1000A4CAF = {
						DevelopmentTeam = ZFT3A4WCFY;
					};
					98C7498918A745B1000A4CAF = {
						TestTargetID = 98C7496818A745B1000A4CAF;
					};
				};
			};
			buildConfigurationList = 98C7496418A745B1000A4CAF /* Build configuration list for PBXProject "Lifemax" */;
			compatibilityVersion = "Xcode 3.2";
			developmentRegion = English;
			hasScannedForEncodings = 0;
			knownRegions = (
				en,
				Base,
			);
			mainGroup = 98C7496018A745B1000A4CAF;
			productRefGroup = 98C7496A18A745B1000A4CAF /* Products */;
			projectDirPath = "";
			projectRoot = "";
			targets = (
				98C7496818A745B1000A4CAF /* Lifemax */,
				98C7498918A745B1000A4CAF /* LifemaxTests */,
			);
		};
/* End PBXProject section */

/* Begin PBXResourcesBuildPhase section */
		98C7496718A745B1000A4CAF /* Resources */ = {
			isa = PBXResourcesBuildPhase;
			buildActionMask = 2147483647;
			files = (
				9800F1C018B5E3FE00AFCD63 /* Podfile in Resources */,
				9847F3A318D410500091A578 /* about_lifemax.html in Resources */,
				98C7498518A745B1000A4CAF /* Images.xcassets in Resources */,
				98C7497718A745B1000A4CAF /* InfoPlist.strings in Resources */,
				98C7498018A745B1000A4CAF /* Main.storyboard in Resources */,
				989CE3F318B93AE00079ECA7 /* HashtagSelector.xib in Resources */,
			);
			runOnlyForDeploymentPostprocessing = 0;
		};
		98C7498818A745B1000A4CAF /* Resources */ = {
			isa = PBXResourcesBuildPhase;
			buildActionMask = 2147483647;
			files = (
				98C7499618A745B1000A4CAF /* InfoPlist.strings in Resources */,
			);
			runOnlyForDeploymentPostprocessing = 0;
		};
/* End PBXResourcesBuildPhase section */

/* Begin PBXShellScriptBuildPhase section */
		6B75DBF7E10E4F7AB82FC3C1 /* Copy Pods Resources */ = {
			isa = PBXShellScriptBuildPhase;
			buildActionMask = 2147483647;
			files = (
			);
			inputPaths = (
			);
			name = "Copy Pods Resources";
			outputPaths = (
			);
			runOnlyForDeploymentPostprocessing = 0;
			shellPath = /bin/sh;
			shellScript = "\"${SRCROOT}/Pods/Pods-resources.sh\"\n";
			showEnvVarsInLog = 0;
		};
		98EF8A3118D8452D000ECC3A /* ShellScript */ = {
			isa = PBXShellScriptBuildPhase;
			buildActionMask = 2147483647;
			files = (
			);
			inputPaths = (
			);
			outputPaths = (
			);
			runOnlyForDeploymentPostprocessing = 0;
			shellPath = /bin/sh;
			shellScript = "# xcode-build-bump.sh\n# @desc Auto-increment the build number every time the project is run.\n# @usage\n# 1. Select: your Target in Xcode\n# 2. Select: Build Phases Tab\n# 3. Select: Add Build Phase -> Add Run Script\n# 4. Paste code below in to new \"Run Script\" section\n# 5. Drag the \"Run Script\" below \"Link Binaries With Libraries\"\n# 6. Insure that your starting build number is set to a whole integer and not a float (e.g. 1, not 1.0)\n\nbuildNumber=$(/usr/libexec/PlistBuddy -c \"Print CFBundleVersion\" \"${PROJECT_DIR}/${INFOPLIST_FILE}\")\nbuildNumber=$(($buildNumber + 1))\n/usr/libexec/PlistBuddy -c \"Set :CFBundleVersion $buildNumber\" \"${PROJECT_DIR}/${INFOPLIST_FILE}\"\n";
		};
		F1FD69D9756D41EB96440E76 /* Check Pods Manifest.lock */ = {
			isa = PBXShellScriptBuildPhase;
			buildActionMask = 2147483647;
			files = (
			);
			inputPaths = (
			);
			name = "Check Pods Manifest.lock";
			outputPaths = (
			);
			runOnlyForDeploymentPostprocessing = 0;
			shellPath = /bin/sh;
			shellScript = "diff \"${PODS_ROOT}/../Podfile.lock\" \"${PODS_ROOT}/Manifest.lock\" > /dev/null\nif [[ $? != 0 ]] ; then\n    cat << EOM\nerror: The sandbox is not in sync with the Podfile.lock. Run 'pod install' or update your CocoaPods installation.\nEOM\n    exit 1\nfi\n";
			showEnvVarsInLog = 0;
		};
/* End PBXShellScriptBuildPhase section */

/* Begin PBXSourcesBuildPhase section */
		98C7496518A745B1000A4CAF /* Sources */ = {
			isa = PBXSourcesBuildPhase;
			buildActionMask = 2147483647;
			files = (
				9847F3A618D515A10091A578 /* EditDescriptionCell.m in Sources */,
				98D951BB18A877F700333D4D /* CameraCheckbox.m in Sources */,
				98D951C718A8902A00333D4D /* NewsFeedViewController.m in Sources */,
				98FB50A918A7FCC800C916BC /* LifeListViewController.m in Sources */,
				98DF58AB18A85BAF00AC2BE0 /* TaskCell.m in Sources */,
				98C7497D18A745B1000A4CAF /* AppDelegate.m in Sources */,
				98A269A218C40C6E0053D20B /* UIAlertView+NSCookbook.m in Sources */,
				98DC9FC118B28A0A004747B5 /* SettingsViewController.m in Sources */,
				98B4F0FA18D78CF2002943D9 /* User.m in Sources */,
				989CE3F118B9364F0079ECA7 /* HashtagSelector.m in Sources */,
				983A92FC18B7BD6C00B02E2C /* NSString+MD5.m in Sources */,
				98DF58A718A83E9000AC2BE0 /* GoogleSyncViewController.m in Sources */,
				98D2A8EB18C0498300FF5AD3 /* Task.m in Sources */,
				9876A6CF18BC596400021A06 /* LifemaxCoreData.xcdatamodeld in Sources */,
				98C7497918A745B1000A4CAF /* main.m in Sources */,
				98D951C418A88D7700333D4D /* FeedUserTaskCell.m in Sources */,
				9852B61418B40BC500CE1CFC /* StoryViewController.m in Sources */,
				981B73C518B42A2A0040D4A0 /* GoogleOAuth.m in Sources */,
				989CE3E618B926660079ECA7 /* LMHelpViewController.m in Sources */,
				98FB50B218A80D0900C916BC /* LoginViewController.m in Sources */,
				98DF58A418A8207E00AC2BE0 /* LifeListFilter.m in Sources */,
				9847F3A118D3D7C70091A578 /* WebViewController.m in Sources */,
				98C749A418A7495B000A4CAF /* SWRevealViewController.m in Sources */,
				989CE3EE18B92B020079ECA7 /* EditTaskViewController.m in Sources */,
				98C749A918A74AFB000A4CAF /* MenuViewController.m in Sources */,
				989CE3F618B94C490079ECA7 /* EditFieldCell.m in Sources */,
				98B62E7D18B5E8D500872BDE /* RKTest.m in Sources */,
				9876A6CC18BC580100021A06 /* LMRestKitManager.m in Sources */,
			);
			runOnlyForDeploymentPostprocessing = 0;
		};
		98C7498618A745B1000A4CAF /* Sources */ = {
			isa = PBXSourcesBuildPhase;
			buildActionMask = 2147483647;
			files = (
				98C7499818A745B1000A4CAF /* LifemaxTests.m in Sources */,
			);
			runOnlyForDeploymentPostprocessing = 0;
		};
/* End PBXSourcesBuildPhase section */

/* Begin PBXTargetDependency section */
		98C7499018A745B1000A4CAF /* PBXTargetDependency */ = {
			isa = PBXTargetDependency;
			target = 98C7496818A745B1000A4CAF /* Lifemax */;
			targetProxy = 98C7498F18A745B1000A4CAF /* PBXContainerItemProxy */;
		};
/* End PBXTargetDependency section */

/* Begin PBXVariantGroup section */
		98C7497518A745B1000A4CAF /* InfoPlist.strings */ = {
			isa = PBXVariantGroup;
			children = (
				98C7497618A745B1000A4CAF /* en */,
			);
			name = InfoPlist.strings;
			sourceTree = "<group>";
		};
		98C7497E18A745B1000A4CAF /* Main.storyboard */ = {
			isa = PBXVariantGroup;
			children = (
				98C7497F18A745B1000A4CAF /* Base */,
			);
			name = Main.storyboard;
			sourceTree = "<group>";
		};
		98C7499418A745B1000A4CAF /* InfoPlist.strings */ = {
			isa = PBXVariantGroup;
			children = (
				98C7499518A745B1000A4CAF /* en */,
			);
			name = InfoPlist.strings;
			sourceTree = "<group>";
		};
/* End PBXVariantGroup section */

/* Begin XCBuildConfiguration section */
		98C7499918A745B1000A4CAF /* Debug */ = {
			isa = XCBuildConfiguration;
			buildSettings = {
				ALWAYS_SEARCH_USER_PATHS = NO;
				CLANG_CXX_LANGUAGE_STANDARD = "gnu++0x";
				CLANG_CXX_LIBRARY = "libc++";
				CLANG_ENABLE_MODULES = YES;
				CLANG_ENABLE_OBJC_ARC = YES;
				CLANG_WARN_BOOL_CONVERSION = YES;
				CLANG_WARN_CONSTANT_CONVERSION = YES;
				CLANG_WARN_DIRECT_OBJC_ISA_USAGE = YES_ERROR;
				CLANG_WARN_EMPTY_BODY = YES;
				CLANG_WARN_ENUM_CONVERSION = YES;
				CLANG_WARN_INT_CONVERSION = YES;
				CLANG_WARN_OBJC_ROOT_CLASS = YES_ERROR;
				CLANG_WARN__DUPLICATE_METHOD_MATCH = YES;
				"CODE_SIGN_IDENTITY[sdk=iphoneos*]" = "iPhone Developer";
				COPY_PHASE_STRIP = NO;
				GCC_C_LANGUAGE_STANDARD = gnu99;
				GCC_DYNAMIC_NO_PIC = NO;
				GCC_OPTIMIZATION_LEVEL = 0;
				GCC_PREPROCESSOR_DEFINITIONS = (
					"DEBUG=1",
					"$(inherited)",
				);
				GCC_SYMBOLS_PRIVATE_EXTERN = NO;
				GCC_WARN_64_TO_32_BIT_CONVERSION = YES;
				GCC_WARN_ABOUT_RETURN_TYPE = YES_ERROR;
				GCC_WARN_UNDECLARED_SELECTOR = YES;
				GCC_WARN_UNINITIALIZED_AUTOS = YES;
				GCC_WARN_UNUSED_FUNCTION = YES;
				GCC_WARN_UNUSED_VARIABLE = YES;
				IPHONEOS_DEPLOYMENT_TARGET = 7.0;
				ONLY_ACTIVE_ARCH = YES;
				SDKROOT = iphoneos;
			};
			name = Debug;
		};
		98C7499A18A745B1000A4CAF /* Release */ = {
			isa = XCBuildConfiguration;
			buildSettings = {
				ALWAYS_SEARCH_USER_PATHS = NO;
				CLANG_CXX_LANGUAGE_STANDARD = "gnu++0x";
				CLANG_CXX_LIBRARY = "libc++";
				CLANG_ENABLE_MODULES = YES;
				CLANG_ENABLE_OBJC_ARC = YES;
				CLANG_WARN_BOOL_CONVERSION = YES;
				CLANG_WARN_CONSTANT_CONVERSION = YES;
				CLANG_WARN_DIRECT_OBJC_ISA_USAGE = YES_ERROR;
				CLANG_WARN_EMPTY_BODY = YES;
				CLANG_WARN_ENUM_CONVERSION = YES;
				CLANG_WARN_INT_CONVERSION = YES;
				CLANG_WARN_OBJC_ROOT_CLASS = YES_ERROR;
				CLANG_WARN__DUPLICATE_METHOD_MATCH = YES;
				"CODE_SIGN_IDENTITY[sdk=iphoneos*]" = "iPhone Developer";
				COPY_PHASE_STRIP = YES;
				ENABLE_NS_ASSERTIONS = NO;
				GCC_C_LANGUAGE_STANDARD = gnu99;
				GCC_WARN_64_TO_32_BIT_CONVERSION = YES;
				GCC_WARN_ABOUT_RETURN_TYPE = YES_ERROR;
				GCC_WARN_UNDECLARED_SELECTOR = YES;
				GCC_WARN_UNINITIALIZED_AUTOS = YES;
				GCC_WARN_UNUSED_FUNCTION = YES;
				GCC_WARN_UNUSED_VARIABLE = YES;
				IPHONEOS_DEPLOYMENT_TARGET = 7.0;
				SDKROOT = iphoneos;
				VALIDATE_PRODUCT = YES;
			};
			name = Release;
		};
		98C7499C18A745B1000A4CAF /* Debug */ = {
			isa = XCBuildConfiguration;
			baseConfigurationReference = 1D474FF43FB44D7DBDF8170B /* Pods.xcconfig */;
			buildSettings = {
				ASSETCATALOG_COMPILER_APPICON_NAME = "Lifemax Icon";
				ASSETCATALOG_COMPILER_LAUNCHIMAGE_NAME = LaunchImage;
				CODE_SIGN_IDENTITY = "";
				"CODE_SIGN_IDENTITY[sdk=iphoneos*]" = "iPhone Developer";
				FRAMEWORK_SEARCH_PATHS = (
					"$(inherited)",
					/Users/mrosales/Documents/FacebookSDK,
				);
				GCC_PRECOMPILE_PREFIX_HEADER = YES;
				GCC_PREFIX_HEADER = "Lifemax/Lifemax-Prefix.pch";
				INFOPLIST_FILE = "Lifemax/Lifemax-Info.plist";
				PRODUCT_NAME = "$(TARGET_NAME)";
				WRAPPER_EXTENSION = app;
			};
			name = Debug;
		};
		98C7499D18A745B1000A4CAF /* Release */ = {
			isa = XCBuildConfiguration;
			baseConfigurationReference = 1D474FF43FB44D7DBDF8170B /* Pods.xcconfig */;
			buildSettings = {
				ASSETCATALOG_COMPILER_APPICON_NAME = "Lifemax Icon";
				ASSETCATALOG_COMPILER_LAUNCHIMAGE_NAME = LaunchImage;
				CODE_SIGN_IDENTITY = "";
				"CODE_SIGN_IDENTITY[sdk=iphoneos*]" = "iPhone Developer";
				FRAMEWORK_SEARCH_PATHS = (
					"$(inherited)",
					/Users/mrosales/Documents/FacebookSDK,
				);
				GCC_PRECOMPILE_PREFIX_HEADER = YES;
				GCC_PREFIX_HEADER = "Lifemax/Lifemax-Prefix.pch";
				INFOPLIST_FILE = "Lifemax/Lifemax-Info.plist";
				PRODUCT_NAME = "$(TARGET_NAME)";
				WRAPPER_EXTENSION = app;
			};
			name = Release;
		};
		98C7499F18A745B1000A4CAF /* Debug */ = {
			isa = XCBuildConfiguration;
			buildSettings = {
				BUNDLE_LOADER = "$(BUILT_PRODUCTS_DIR)/Lifemax.app/Lifemax";
				FRAMEWORK_SEARCH_PATHS = (
					"$(SDKROOT)/Developer/Library/Frameworks",
					"$(inherited)",
					"$(DEVELOPER_FRAMEWORKS_DIR)",
				);
				GCC_PRECOMPILE_PREFIX_HEADER = YES;
				GCC_PREFIX_HEADER = "Lifemax/Lifemax-Prefix.pch";
				GCC_PREPROCESSOR_DEFINITIONS = (
					"DEBUG=1",
					"$(inherited)",
				);
				INFOPLIST_FILE = "LifemaxTests/LifemaxTests-Info.plist";
				PRODUCT_NAME = "$(TARGET_NAME)";
				TEST_HOST = "$(BUNDLE_LOADER)";
				WRAPPER_EXTENSION = xctest;
			};
			name = Debug;
		};
		98C749A018A745B1000A4CAF /* Release */ = {
			isa = XCBuildConfiguration;
			buildSettings = {
				BUNDLE_LOADER = "$(BUILT_PRODUCTS_DIR)/Lifemax.app/Lifemax";
				FRAMEWORK_SEARCH_PATHS = (
					"$(SDKROOT)/Developer/Library/Frameworks",
					"$(inherited)",
					"$(DEVELOPER_FRAMEWORKS_DIR)",
				);
				GCC_PRECOMPILE_PREFIX_HEADER = YES;
				GCC_PREFIX_HEADER = "Lifemax/Lifemax-Prefix.pch";
				INFOPLIST_FILE = "LifemaxTests/LifemaxTests-Info.plist";
				PRODUCT_NAME = "$(TARGET_NAME)";
				TEST_HOST = "$(BUNDLE_LOADER)";
				WRAPPER_EXTENSION = xctest;
			};
			name = Release;
		};
/* End XCBuildConfiguration section */

/* Begin XCConfigurationList section */
		98C7496418A745B1000A4CAF /* Build configuration list for PBXProject "Lifemax" */ = {
			isa = XCConfigurationList;
			buildConfigurations = (
				98C7499918A745B1000A4CAF /* Debug */,
				98C7499A18A745B1000A4CAF /* Release */,
			);
			defaultConfigurationIsVisible = 0;
			defaultConfigurationName = Release;
		};
		98C7499B18A745B1000A4CAF /* Build configuration list for PBXNativeTarget "Lifemax" */ = {
			isa = XCConfigurationList;
			buildConfigurations = (
				98C7499C18A745B1000A4CAF /* Debug */,
				98C7499D18A745B1000A4CAF /* Release */,
			);
			defaultConfigurationIsVisible = 0;
			defaultConfigurationName = Release;
		};
		98C7499E18A745B1000A4CAF /* Build configuration list for PBXNativeTarget "LifemaxTests" */ = {
			isa = XCConfigurationList;
			buildConfigurations = (
				98C7499F18A745B1000A4CAF /* Debug */,
				98C749A018A745B1000A4CAF /* Release */,
			);
			defaultConfigurationIsVisible = 0;
			defaultConfigurationName = Release;
		};
/* End XCConfigurationList section */

/* Begin XCVersionGroup section */
		9876A6CD18BC596400021A06 /* LifemaxCoreData.xcdatamodeld */ = {
			isa = XCVersionGroup;
			children = (
				9876A6CE18BC596400021A06 /* LifemaxCoreData.xcdatamodel */,
			);
			currentVersion = 9876A6CE18BC596400021A06 /* LifemaxCoreData.xcdatamodel */;
			path = LifemaxCoreData.xcdatamodeld;
			sourceTree = "<group>";
			versionGroupType = wrapper.xcdatamodel;
		};
/* End XCVersionGroup section */
	};
	rootObject = 98C7496118A745B1000A4CAF /* Project object */;
}
